// !$*UTF8*$!
{
	archiveVersion = 1;
	classes = {
	};
	objectVersion = 52;
	objects = {

/* Begin PBXBuildFile section */
		4983897C2658243A0046E96E /* PlatformViewRepresentable.swift in Sources */ = {isa = PBXBuildFile; fileRef = 4983897B2658243A0046E96E /* PlatformViewRepresentable.swift */; };
		4983897D2658243A0046E96E /* PlatformViewRepresentable.swift in Sources */ = {isa = PBXBuildFile; fileRef = 4983897B2658243A0046E96E /* PlatformViewRepresentable.swift */; };
		4983897E2658243A0046E96E /* PlatformViewRepresentable.swift in Sources */ = {isa = PBXBuildFile; fileRef = 4983897B2658243A0046E96E /* PlatformViewRepresentable.swift */; };
		4993AED2265ACDE900B00EFB /* MeshResource.swift in Sources */ = {isa = PBXBuildFile; fileRef = 4993AECE265ACDE900B00EFB /* MeshResource.swift */; };
		4993AED3265ACDE900B00EFB /* MeshResource.swift in Sources */ = {isa = PBXBuildFile; fileRef = 4993AECE265ACDE900B00EFB /* MeshResource.swift */; };
		4993AED4265ACDE900B00EFB /* MeshResource.swift in Sources */ = {isa = PBXBuildFile; fileRef = 4993AECE265ACDE900B00EFB /* MeshResource.swift */; };
		4993AED5265ACDE900B00EFB /* Shaders.metal in Sources */ = {isa = PBXBuildFile; fileRef = 4993AECF265ACDE900B00EFB /* Shaders.metal */; };
		4993AED6265ACDE900B00EFB /* Shaders.metal in Sources */ = {isa = PBXBuildFile; fileRef = 4993AECF265ACDE900B00EFB /* Shaders.metal */; };
		4993AED7265ACDE900B00EFB /* Shaders.metal in Sources */ = {isa = PBXBuildFile; fileRef = 4993AECF265ACDE900B00EFB /* Shaders.metal */; };
		4993AED8265ACDE900B00EFB /* RendererMetal.swift in Sources */ = {isa = PBXBuildFile; fileRef = 4993AED1265ACDE900B00EFB /* RendererMetal.swift */; };
		4993AED9265ACDE900B00EFB /* RendererMetal.swift in Sources */ = {isa = PBXBuildFile; fileRef = 4993AED1265ACDE900B00EFB /* RendererMetal.swift */; };
		4993AEDA265ACDE900B00EFB /* RendererMetal.swift in Sources */ = {isa = PBXBuildFile; fileRef = 4993AED1265ACDE900B00EFB /* RendererMetal.swift */; };
		4993AEE7265C74B400B00EFB /* GPU.swift in Sources */ = {isa = PBXBuildFile; fileRef = 4993AEE5265C74B400B00EFB /* GPU.swift */; };
		4993AEE8265C74B400B00EFB /* GPU.swift in Sources */ = {isa = PBXBuildFile; fileRef = 4993AEE5265C74B400B00EFB /* GPU.swift */; };
		4993AEE9265C74B400B00EFB /* GPU.swift in Sources */ = {isa = PBXBuildFile; fileRef = 4993AEE5265C74B400B00EFB /* GPU.swift */; };
		4993AEEA265C74B400B00EFB /* GPUMetal.swift in Sources */ = {isa = PBXBuildFile; fileRef = 4993AEE6265C74B400B00EFB /* GPUMetal.swift */; };
		4993AEEB265C74B400B00EFB /* GPUMetal.swift in Sources */ = {isa = PBXBuildFile; fileRef = 4993AEE6265C74B400B00EFB /* GPUMetal.swift */; };
		4993AEEC265C74B400B00EFB /* GPUMetal.swift in Sources */ = {isa = PBXBuildFile; fileRef = 4993AEE6265C74B400B00EFB /* GPUMetal.swift */; };
		4993AEEF265C793300B00EFB /* Resources.swift in Sources */ = {isa = PBXBuildFile; fileRef = 4993AEEE265C793300B00EFB /* Resources.swift */; };
		4993AEF0265C793300B00EFB /* Resources.swift in Sources */ = {isa = PBXBuildFile; fileRef = 4993AEEE265C793300B00EFB /* Resources.swift */; };
		4993AEF1265C793300B00EFB /* Resources.swift in Sources */ = {isa = PBXBuildFile; fileRef = 4993AEEE265C793300B00EFB /* Resources.swift */; };
		4993AEFD265C7B2B00B00EFB /* MSD in Frameworks */ = {isa = PBXBuildFile; productRef = 4993AEFC265C7B2B00B00EFB /* MSD */; };
		4993AF08265D6F8800B00EFB /* Forward.swift in Sources */ = {isa = PBXBuildFile; fileRef = 4993AF07265D6F8800B00EFB /* Forward.swift */; };
		4993AF09265D6F8800B00EFB /* Forward.swift in Sources */ = {isa = PBXBuildFile; fileRef = 4993AF07265D6F8800B00EFB /* Forward.swift */; };
		4993AF0A265D6F8800B00EFB /* Forward.swift in Sources */ = {isa = PBXBuildFile; fileRef = 4993AF07265D6F8800B00EFB /* Forward.swift */; };
		49B9FCFD2654587D00D86C34 /* App.swift in Sources */ = {isa = PBXBuildFile; fileRef = 49B9FCFC2654587D00D86C34 /* App.swift */; };
		49B9FCFE2654587D00D86C34 /* App.swift in Sources */ = {isa = PBXBuildFile; fileRef = 49B9FCFC2654587D00D86C34 /* App.swift */; };
		49B9FCFF2654587D00D86C34 /* App.swift in Sources */ = {isa = PBXBuildFile; fileRef = 49B9FCFC2654587D00D86C34 /* App.swift */; };
		49B9FD01265458A600D86C34 /* MSDView.swift in Sources */ = {isa = PBXBuildFile; fileRef = 49B9FD00265458A600D86C34 /* MSDView.swift */; };
		49B9FD02265458A600D86C34 /* MSDView.swift in Sources */ = {isa = PBXBuildFile; fileRef = 49B9FD00265458A600D86C34 /* MSDView.swift */; };
		49B9FD03265458A600D86C34 /* MSDView.swift in Sources */ = {isa = PBXBuildFile; fileRef = 49B9FD00265458A600D86C34 /* MSDView.swift */; };
		49BB353927CBB25000508761 /* GPUBufferQueue.swift in Sources */ = {isa = PBXBuildFile; fileRef = 49BB353827CBB25000508761 /* GPUBufferQueue.swift */; };
		49BB353A27CBB25000508761 /* GPUBufferQueue.swift in Sources */ = {isa = PBXBuildFile; fileRef = 49BB353827CBB25000508761 /* GPUBufferQueue.swift */; };
		49BB353B27CBB25000508761 /* GPUBufferQueue.swift in Sources */ = {isa = PBXBuildFile; fileRef = 49BB353827CBB25000508761 /* GPUBufferQueue.swift */; };
		49BB353D27CC5D8100508761 /* MeshRenderState.swift in Sources */ = {isa = PBXBuildFile; fileRef = 49BB353C27CC5D8100508761 /* MeshRenderState.swift */; };
		49BB353E27CC5D8100508761 /* MeshRenderState.swift in Sources */ = {isa = PBXBuildFile; fileRef = 49BB353C27CC5D8100508761 /* MeshRenderState.swift */; };
		49BB353F27CC5D8100508761 /* MeshRenderState.swift in Sources */ = {isa = PBXBuildFile; fileRef = 49BB353C27CC5D8100508761 /* MeshRenderState.swift */; };
		49BB354127CC5EA100508761 /* ResourceManager.swift in Sources */ = {isa = PBXBuildFile; fileRef = 49BB354027CC5EA100508761 /* ResourceManager.swift */; };
		49BB354227CC5EA100508761 /* ResourceManager.swift in Sources */ = {isa = PBXBuildFile; fileRef = 49BB354027CC5EA100508761 /* ResourceManager.swift */; };
		49BB354327CC5EA100508761 /* ResourceManager.swift in Sources */ = {isa = PBXBuildFile; fileRef = 49BB354027CC5EA100508761 /* ResourceManager.swift */; };
		49BB354427CE5E5A00508761 /* Assets in Resources */ = {isa = PBXBuildFile; fileRef = 4993AF02265CC50800B00EFB /* Assets */; };
		49BB354527CE5E5A00508761 /* Assets in Resources */ = {isa = PBXBuildFile; fileRef = 4993AF02265CC50800B00EFB /* Assets */; };
		49BB354627CE5E5B00508761 /* Assets in Resources */ = {isa = PBXBuildFile; fileRef = 4993AF02265CC50800B00EFB /* Assets */; };
		49FA4758261D8022003C3F8E /* Assets.xcassets in Resources */ = {isa = PBXBuildFile; fileRef = 49FA471C261D8022003C3F8E /* Assets.xcassets */; };
		49FA4759261D8022003C3F8E /* Assets.xcassets in Resources */ = {isa = PBXBuildFile; fileRef = 49FA471C261D8022003C3F8E /* Assets.xcassets */; };
		49FA475A261D8022003C3F8E /* Assets.xcassets in Resources */ = {isa = PBXBuildFile; fileRef = 49FA471C261D8022003C3F8E /* Assets.xcassets */; };
/* End PBXBuildFile section */

/* Begin PBXFileReference section */
		490A1AD3262AA3B1005B6AF4 /* MSD */ = {isa = PBXFileReference; lastKnownFileType = text; path = MSD; sourceTree = SOURCE_ROOT; };
		4983897B2658243A0046E96E /* PlatformViewRepresentable.swift */ = {isa = PBXFileReference; lastKnownFileType = sourcecode.swift; path = PlatformViewRepresentable.swift; sourceTree = "<group>"; };
		4993AECE265ACDE900B00EFB /* MeshResource.swift */ = {isa = PBXFileReference; fileEncoding = 4; lastKnownFileType = sourcecode.swift; path = MeshResource.swift; sourceTree = "<group>"; };
		4993AECF265ACDE900B00EFB /* Shaders.metal */ = {isa = PBXFileReference; fileEncoding = 4; lastKnownFileType = sourcecode.metal; path = Shaders.metal; sourceTree = "<group>"; };
		4993AED0265ACDE900B00EFB /* ShaderTypes.h */ = {isa = PBXFileReference; fileEncoding = 4; lastKnownFileType = sourcecode.c.h; path = ShaderTypes.h; sourceTree = "<group>"; };
		4993AED1265ACDE900B00EFB /* RendererMetal.swift */ = {isa = PBXFileReference; fileEncoding = 4; lastKnownFileType = sourcecode.swift; path = RendererMetal.swift; sourceTree = "<group>"; };
		4993AEE5265C74B400B00EFB /* GPU.swift */ = {isa = PBXFileReference; fileEncoding = 4; lastKnownFileType = sourcecode.swift; path = GPU.swift; sourceTree = "<group>"; };
		4993AEE6265C74B400B00EFB /* GPUMetal.swift */ = {isa = PBXFileReference; fileEncoding = 4; lastKnownFileType = sourcecode.swift; path = GPUMetal.swift; sourceTree = "<group>"; };
		4993AEEE265C793300B00EFB /* Resources.swift */ = {isa = PBXFileReference; lastKnownFileType = sourcecode.swift; path = Resources.swift; sourceTree = "<group>"; };
		4993AEF2265C798C00B00EFB /* BridgingHeader.h */ = {isa = PBXFileReference; lastKnownFileType = sourcecode.c.h; path = BridgingHeader.h; sourceTree = "<group>"; };
		4993AF02265CC50800B00EFB /* Assets */ = {isa = PBXFileReference; lastKnownFileType = folder; path = Assets; sourceTree = "<group>"; };
		4993AF07265D6F8800B00EFB /* Forward.swift */ = {isa = PBXFileReference; lastKnownFileType = sourcecode.swift; path = Forward.swift; sourceTree = "<group>"; };
		49B9FCFC2654587D00D86C34 /* App.swift */ = {isa = PBXFileReference; lastKnownFileType = sourcecode.swift; path = App.swift; sourceTree = "<group>"; };
		49B9FD00265458A600D86C34 /* MSDView.swift */ = {isa = PBXFileReference; lastKnownFileType = sourcecode.swift; path = MSDView.swift; sourceTree = "<group>"; };
		49BB353827CBB25000508761 /* GPUBufferQueue.swift */ = {isa = PBXFileReference; lastKnownFileType = sourcecode.swift; path = GPUBufferQueue.swift; sourceTree = "<group>"; };
		49BB353C27CC5D8100508761 /* MeshRenderState.swift */ = {isa = PBXFileReference; lastKnownFileType = sourcecode.swift; path = MeshRenderState.swift; sourceTree = "<group>"; };
		49BB354027CC5EA100508761 /* ResourceManager.swift */ = {isa = PBXFileReference; lastKnownFileType = sourcecode.swift; path = ResourceManager.swift; sourceTree = "<group>"; };
		49FA471C261D8022003C3F8E /* Assets.xcassets */ = {isa = PBXFileReference; lastKnownFileType = folder.assetcatalog; path = Assets.xcassets; sourceTree = "<group>"; };
		49FA4721261D8022003C3F8E /* MagicSparkleDonkey.app */ = {isa = PBXFileReference; explicitFileType = wrapper.application; includeInIndex = 0; path = MagicSparkleDonkey.app; sourceTree = BUILT_PRODUCTS_DIR; };
		49FA472E261D8022003C3F8E /* Info.plist */ = {isa = PBXFileReference; lastKnownFileType = text.plist.xml; path = Info.plist; sourceTree = "<group>"; };
		49FA4733261D8022003C3F8E /* MagicSparkleDonkey.app */ = {isa = PBXFileReference; explicitFileType = wrapper.application; includeInIndex = 0; path = MagicSparkleDonkey.app; sourceTree = BUILT_PRODUCTS_DIR; };
		49FA473F261D8022003C3F8E /* Info.plist */ = {isa = PBXFileReference; lastKnownFileType = text.plist.xml; path = Info.plist; sourceTree = "<group>"; };
		49FA4744261D8022003C3F8E /* MagicSparkleDonkey.app */ = {isa = PBXFileReference; explicitFileType = wrapper.application; includeInIndex = 0; path = MagicSparkleDonkey.app; sourceTree = BUILT_PRODUCTS_DIR; };
		49FA474D261D8022003C3F8E /* Info.plist */ = {isa = PBXFileReference; lastKnownFileType = text.plist.xml; path = Info.plist; sourceTree = "<group>"; };
		49FA474E261D8022003C3F8E /* MagicSparkleDonkey_macOS.entitlements */ = {isa = PBXFileReference; lastKnownFileType = text.plist.entitlements; path = MagicSparkleDonkey_macOS.entitlements; sourceTree = "<group>"; };
/* End PBXFileReference section */

/* Begin PBXFrameworksBuildPhase section */
		49FA471E261D8022003C3F8E /* Frameworks */ = {
			isa = PBXFrameworksBuildPhase;
			buildActionMask = 2147483647;
			files = (
			);
			runOnlyForDeploymentPostprocessing = 0;
		};
		49FA4730261D8022003C3F8E /* Frameworks */ = {
			isa = PBXFrameworksBuildPhase;
			buildActionMask = 2147483647;
			files = (
			);
			runOnlyForDeploymentPostprocessing = 0;
		};
		49FA4741261D8022003C3F8E /* Frameworks */ = {
			isa = PBXFrameworksBuildPhase;
			buildActionMask = 2147483647;
			files = (
				4993AEFD265C7B2B00B00EFB /* MSD in Frameworks */,
			);
			runOnlyForDeploymentPostprocessing = 0;
		};
/* End PBXFrameworksBuildPhase section */

/* Begin PBXGroup section */
		4983897A265824240046E96E /* Common */ = {
			isa = PBXGroup;
			children = (
				4983897B2658243A0046E96E /* PlatformViewRepresentable.swift */,
			);
			path = Common;
			sourceTree = "<group>";
		};
		4993AECD265ACDE900B00EFB /* MSDRender */ = {
			isa = PBXGroup;
			children = (
				49BB353727CBB23000508761 /* Render */,
				4993AF06265D6F7300B00EFB /* Passes */,
				4993AED0265ACDE900B00EFB /* ShaderTypes.h */,
				4993AEE4265C74B400B00EFB /* GPU */,
				4993AECE265ACDE900B00EFB /* MeshResource.swift */,
				4993AECF265ACDE900B00EFB /* Shaders.metal */,
			);
			path = MSDRender;
			sourceTree = "<group>";
		};
		4993AEE4265C74B400B00EFB /* GPU */ = {
			isa = PBXGroup;
			children = (
				4993AEE5265C74B400B00EFB /* GPU.swift */,
				4993AEE6265C74B400B00EFB /* GPUMetal.swift */,
			);
			path = GPU;
			sourceTree = "<group>";
		};
		4993AEED265C792700B00EFB /* Resource */ = {
			isa = PBXGroup;
			children = (
				4993AEEE265C793300B00EFB /* Resources.swift */,
			);
			path = Resource;
			sourceTree = "<group>";
		};
		4993AEF3265C7A5100B00EFB /* Frameworks */ = {
			isa = PBXGroup;
			children = (
			);
			name = Frameworks;
			sourceTree = "<group>";
		};
		4993AF06265D6F7300B00EFB /* Passes */ = {
			isa = PBXGroup;
			children = (
				4993AF07265D6F8800B00EFB /* Forward.swift */,
			);
			path = Passes;
			sourceTree = "<group>";
		};
		49BB353727CBB23000508761 /* Render */ = {
			isa = PBXGroup;
			children = (
				49BB353827CBB25000508761 /* GPUBufferQueue.swift */,
				49BB353C27CC5D8100508761 /* MeshRenderState.swift */,
				49BB354027CC5EA100508761 /* ResourceManager.swift */,
				4993AED1265ACDE900B00EFB /* RendererMetal.swift */,
			);
			path = Render;
			sourceTree = "<group>";
		};
		49FA4713261D8020003C3F8E = {
			isa = PBXGroup;
			children = (
				490A1AD3262AA3B1005B6AF4 /* MSD */,
				49FA4718261D8020003C3F8E /* MagicSparkleDonkey Shared */,
				49FA4723261D8022003C3F8E /* MagicSparkleDonkey iOS */,
				49FA4734261D8022003C3F8E /* MagicSparkleDonkey tvOS */,
				49FA4745261D8022003C3F8E /* MagicSparkleDonkey macOS */,
				4993AF02265CC50800B00EFB /* Assets */,
				49FA4722261D8022003C3F8E /* Products */,
				4993AEF3265C7A5100B00EFB /* Frameworks */,
			);
			sourceTree = "<group>";
		};
		49FA4718261D8020003C3F8E /* MagicSparkleDonkey Shared */ = {
			isa = PBXGroup;
			children = (
				4993AEF2265C798C00B00EFB /* BridgingHeader.h */,
				4993AEED265C792700B00EFB /* Resource */,
				4983897A265824240046E96E /* Common */,
				49FA471C261D8022003C3F8E /* Assets.xcassets */,
				49B9FCFC2654587D00D86C34 /* App.swift */,
				49B9FD00265458A600D86C34 /* MSDView.swift */,
				4993AECD265ACDE900B00EFB /* MSDRender */,
			);
			path = "MagicSparkleDonkey Shared";
			sourceTree = "<group>";
		};
		49FA4722261D8022003C3F8E /* Products */ = {
			isa = PBXGroup;
			children = (
				49FA4721261D8022003C3F8E /* MagicSparkleDonkey.app */,
				49FA4733261D8022003C3F8E /* MagicSparkleDonkey.app */,
				49FA4744261D8022003C3F8E /* MagicSparkleDonkey.app */,
			);
			name = Products;
			sourceTree = "<group>";
		};
		49FA4723261D8022003C3F8E /* MagicSparkleDonkey iOS */ = {
			isa = PBXGroup;
			children = (
				49FA472E261D8022003C3F8E /* Info.plist */,
			);
			path = "MagicSparkleDonkey iOS";
			sourceTree = "<group>";
		};
		49FA4734261D8022003C3F8E /* MagicSparkleDonkey tvOS */ = {
			isa = PBXGroup;
			children = (
				49FA473F261D8022003C3F8E /* Info.plist */,
			);
			path = "MagicSparkleDonkey tvOS";
			sourceTree = "<group>";
		};
		49FA4745261D8022003C3F8E /* MagicSparkleDonkey macOS */ = {
			isa = PBXGroup;
			children = (
				49FA474D261D8022003C3F8E /* Info.plist */,
				49FA474E261D8022003C3F8E /* MagicSparkleDonkey_macOS.entitlements */,
			);
			path = "MagicSparkleDonkey macOS";
			sourceTree = "<group>";
		};
/* End PBXGroup section */

/* Begin PBXNativeTarget section */
		49FA4720261D8022003C3F8E /* MagicSparkleDonkey iOS */ = {
			isa = PBXNativeTarget;
			buildConfigurationList = 49FA475D261D8022003C3F8E /* Build configuration list for PBXNativeTarget "MagicSparkleDonkey iOS" */;
			buildPhases = (
				49FA471D261D8022003C3F8E /* Sources */,
				49FA471E261D8022003C3F8E /* Frameworks */,
				49FA471F261D8022003C3F8E /* Resources */,
			);
			buildRules = (
			);
			dependencies = (
			);
			name = "MagicSparkleDonkey iOS";
			packageProductDependencies = (
			);
			productName = "MagicSparkleDonkey iOS";
			productReference = 49FA4721261D8022003C3F8E /* MagicSparkleDonkey.app */;
			productType = "com.apple.product-type.application";
		};
		49FA4732261D8022003C3F8E /* MagicSparkleDonkey tvOS */ = {
			isa = PBXNativeTarget;
			buildConfigurationList = 49FA4760261D8022003C3F8E /* Build configuration list for PBXNativeTarget "MagicSparkleDonkey tvOS" */;
			buildPhases = (
				49FA472F261D8022003C3F8E /* Sources */,
				49FA4730261D8022003C3F8E /* Frameworks */,
				49FA4731261D8022003C3F8E /* Resources */,
			);
			buildRules = (
			);
			dependencies = (
			);
			name = "MagicSparkleDonkey tvOS";
			productName = "MagicSparkleDonkey tvOS";
			productReference = 49FA4733261D8022003C3F8E /* MagicSparkleDonkey.app */;
			productType = "com.apple.product-type.application";
		};
		49FA4743261D8022003C3F8E /* MagicSparkleDonkey macOS */ = {
			isa = PBXNativeTarget;
			buildConfigurationList = 49FA4763261D8022003C3F8E /* Build configuration list for PBXNativeTarget "MagicSparkleDonkey macOS" */;
			buildPhases = (
				49FA4740261D8022003C3F8E /* Sources */,
				49FA4741261D8022003C3F8E /* Frameworks */,
				49FA4742261D8022003C3F8E /* Resources */,
			);
			buildRules = (
			);
			dependencies = (
				4993AEFF265C7BA500B00EFB /* PBXTargetDependency */,
			);
			name = "MagicSparkleDonkey macOS";
			packageProductDependencies = (
				4993AEFC265C7B2B00B00EFB /* MSD */,
			);
			productName = "MagicSparkleDonkey macOS";
			productReference = 49FA4744261D8022003C3F8E /* MagicSparkleDonkey.app */;
			productType = "com.apple.product-type.application";
		};
/* End PBXNativeTarget section */

/* Begin PBXProject section */
		49FA4714261D8020003C3F8E /* Project object */ = {
			isa = PBXProject;
			attributes = {
				LastSwiftUpdateCheck = 1250;
				LastUpgradeCheck = 1250;
				TargetAttributes = {
					49FA4720261D8022003C3F8E = {
						CreatedOnToolsVersion = 12.5;
					};
					49FA4732261D8022003C3F8E = {
						CreatedOnToolsVersion = 12.5;
					};
					49FA4743261D8022003C3F8E = {
						CreatedOnToolsVersion = 12.5;
					};
				};
			};
			buildConfigurationList = 49FA4717261D8020003C3F8E /* Build configuration list for PBXProject "MagicSparkleDonkey" */;
			compatibilityVersion = "Xcode 9.3";
			developmentRegion = en;
			hasScannedForEncodings = 0;
			knownRegions = (
				en,
				Base,
			);
			mainGroup = 49FA4713261D8020003C3F8E;
			productRefGroup = 49FA4722261D8022003C3F8E /* Products */;
			projectDirPath = "";
			projectRoot = "";
			targets = (
				49FA4720261D8022003C3F8E /* MagicSparkleDonkey iOS */,
				49FA4732261D8022003C3F8E /* MagicSparkleDonkey tvOS */,
				49FA4743261D8022003C3F8E /* MagicSparkleDonkey macOS */,
			);
		};
/* End PBXProject section */

/* Begin PBXResourcesBuildPhase section */
		49FA471F261D8022003C3F8E /* Resources */ = {
			isa = PBXResourcesBuildPhase;
			buildActionMask = 2147483647;
			files = (
				49BB354427CE5E5A00508761 /* Assets in Resources */,
				49FA4758261D8022003C3F8E /* Assets.xcassets in Resources */,
			);
			runOnlyForDeploymentPostprocessing = 0;
		};
		49FA4731261D8022003C3F8E /* Resources */ = {
			isa = PBXResourcesBuildPhase;
			buildActionMask = 2147483647;
			files = (
				49BB354527CE5E5A00508761 /* Assets in Resources */,
				49FA4759261D8022003C3F8E /* Assets.xcassets in Resources */,
			);
			runOnlyForDeploymentPostprocessing = 0;
		};
		49FA4742261D8022003C3F8E /* Resources */ = {
			isa = PBXResourcesBuildPhase;
			buildActionMask = 2147483647;
			files = (
				49BB354627CE5E5B00508761 /* Assets in Resources */,
				49FA475A261D8022003C3F8E /* Assets.xcassets in Resources */,
			);
			runOnlyForDeploymentPostprocessing = 0;
		};
/* End PBXResourcesBuildPhase section */

/* Begin PBXSourcesBuildPhase section */
		49FA471D261D8022003C3F8E /* Sources */ = {
			isa = PBXSourcesBuildPhase;
			buildActionMask = 2147483647;
			files = (
				4993AEEA265C74B400B00EFB /* GPUMetal.swift in Sources */,
				49B9FCFD2654587D00D86C34 /* App.swift in Sources */,
				4983897C2658243A0046E96E /* PlatformViewRepresentable.swift in Sources */,
				4993AEE7265C74B400B00EFB /* GPU.swift in Sources */,
				4993AED2265ACDE900B00EFB /* MeshResource.swift in Sources */,
				49B9FD01265458A600D86C34 /* MSDView.swift in Sources */,
				49BB353D27CC5D8100508761 /* MeshRenderState.swift in Sources */,
				4993AEEF265C793300B00EFB /* Resources.swift in Sources */,
				4993AED8265ACDE900B00EFB /* RendererMetal.swift in Sources */,
				4993AED5265ACDE900B00EFB /* Shaders.metal in Sources */,
				49BB354127CC5EA100508761 /* ResourceManager.swift in Sources */,
				4993AF08265D6F8800B00EFB /* Forward.swift in Sources */,
				49BB353927CBB25000508761 /* GPUBufferQueue.swift in Sources */,
			);
			runOnlyForDeploymentPostprocessing = 0;
		};
		49FA472F261D8022003C3F8E /* Sources */ = {
			isa = PBXSourcesBuildPhase;
			buildActionMask = 2147483647;
			files = (
				4993AEEB265C74B400B00EFB /* GPUMetal.swift in Sources */,
				49B9FCFE2654587D00D86C34 /* App.swift in Sources */,
				4983897D2658243A0046E96E /* PlatformViewRepresentable.swift in Sources */,
				4993AEE8265C74B400B00EFB /* GPU.swift in Sources */,
				4993AED3265ACDE900B00EFB /* MeshResource.swift in Sources */,
				49B9FD02265458A600D86C34 /* MSDView.swift in Sources */,
				49BB353E27CC5D8100508761 /* MeshRenderState.swift in Sources */,
				4993AEF0265C793300B00EFB /* Resources.swift in Sources */,
				4993AED9265ACDE900B00EFB /* RendererMetal.swift in Sources */,
				4993AED6265ACDE900B00EFB /* Shaders.metal in Sources */,
				49BB354227CC5EA100508761 /* ResourceManager.swift in Sources */,
				4993AF09265D6F8800B00EFB /* Forward.swift in Sources */,
				49BB353A27CBB25000508761 /* GPUBufferQueue.swift in Sources */,
			);
			runOnlyForDeploymentPostprocessing = 0;
		};
		49FA4740261D8022003C3F8E /* Sources */ = {
			isa = PBXSourcesBuildPhase;
			buildActionMask = 2147483647;
			files = (
				4993AEEC265C74B400B00EFB /* GPUMetal.swift in Sources */,
				49B9FCFF2654587D00D86C34 /* App.swift in Sources */,
				4983897E2658243A0046E96E /* PlatformViewRepresentable.swift in Sources */,
				4993AEE9265C74B400B00EFB /* GPU.swift in Sources */,
				4993AED4265ACDE900B00EFB /* MeshResource.swift in Sources */,
				49B9FD03265458A600D86C34 /* MSDView.swift in Sources */,
				49BB353F27CC5D8100508761 /* MeshRenderState.swift in Sources */,
				4993AEF1265C793300B00EFB /* Resources.swift in Sources */,
				4993AEDA265ACDE900B00EFB /* RendererMetal.swift in Sources */,
				4993AED7265ACDE900B00EFB /* Shaders.metal in Sources */,
				49BB354327CC5EA100508761 /* ResourceManager.swift in Sources */,
				4993AF0A265D6F8800B00EFB /* Forward.swift in Sources */,
				49BB353B27CBB25000508761 /* GPUBufferQueue.swift in Sources */,
			);
			runOnlyForDeploymentPostprocessing = 0;
		};
/* End PBXSourcesBuildPhase section */

/* Begin PBXTargetDependency section */
		4993AEFF265C7BA500B00EFB /* PBXTargetDependency */ = {
			isa = PBXTargetDependency;
			productRef = 4993AEFE265C7BA500B00EFB /* MSD */;
		};
/* End PBXTargetDependency section */

/* Begin XCBuildConfiguration section */
		49FA475B261D8022003C3F8E /* Debug */ = {
			isa = XCBuildConfiguration;
			buildSettings = {
				ALWAYS_SEARCH_USER_PATHS = NO;
				CLANG_ANALYZER_NONNULL = YES;
				CLANG_ANALYZER_NUMBER_OBJECT_CONVERSION = YES_AGGRESSIVE;
				CLANG_CXX_LANGUAGE_STANDARD = "gnu++14";
				CLANG_CXX_LIBRARY = "libc++";
				CLANG_ENABLE_MODULES = YES;
				CLANG_ENABLE_OBJC_ARC = YES;
				CLANG_ENABLE_OBJC_WEAK = YES;
				CLANG_WARN_BLOCK_CAPTURE_AUTORELEASING = YES;
				CLANG_WARN_BOOL_CONVERSION = YES;
				CLANG_WARN_COMMA = YES;
				CLANG_WARN_CONSTANT_CONVERSION = YES;
				CLANG_WARN_DEPRECATED_OBJC_IMPLEMENTATIONS = YES;
				CLANG_WARN_DIRECT_OBJC_ISA_USAGE = YES_ERROR;
				CLANG_WARN_DOCUMENTATION_COMMENTS = YES;
				CLANG_WARN_EMPTY_BODY = YES;
				CLANG_WARN_ENUM_CONVERSION = YES;
				CLANG_WARN_INFINITE_RECURSION = YES;
				CLANG_WARN_INT_CONVERSION = YES;
				CLANG_WARN_NON_LITERAL_NULL_CONVERSION = YES;
				CLANG_WARN_OBJC_IMPLICIT_RETAIN_SELF = YES;
				CLANG_WARN_OBJC_LITERAL_CONVERSION = YES;
				CLANG_WARN_OBJC_ROOT_CLASS = YES_ERROR;
				CLANG_WARN_QUOTED_INCLUDE_IN_FRAMEWORK_HEADER = YES;
				CLANG_WARN_RANGE_LOOP_ANALYSIS = YES;
				CLANG_WARN_STRICT_PROTOTYPES = YES;
				CLANG_WARN_SUSPICIOUS_MOVE = YES;
				CLANG_WARN_UNGUARDED_AVAILABILITY = YES_AGGRESSIVE;
				CLANG_WARN_UNREACHABLE_CODE = YES;
				CLANG_WARN__DUPLICATE_METHOD_MATCH = YES;
				COPY_PHASE_STRIP = NO;
				DEBUG_INFORMATION_FORMAT = dwarf;
				ENABLE_STRICT_OBJC_MSGSEND = YES;
				ENABLE_TESTABILITY = YES;
				GCC_C_LANGUAGE_STANDARD = gnu11;
				GCC_DYNAMIC_NO_PIC = NO;
				GCC_NO_COMMON_BLOCKS = YES;
				GCC_OPTIMIZATION_LEVEL = 0;
				GCC_PREPROCESSOR_DEFINITIONS = (
					"DEBUG=1",
					"$(inherited)",
				);
				GCC_WARN_64_TO_32_BIT_CONVERSION = YES;
				GCC_WARN_ABOUT_RETURN_TYPE = YES_ERROR;
				GCC_WARN_UNDECLARED_SELECTOR = YES;
				GCC_WARN_UNINITIALIZED_AUTOS = YES_AGGRESSIVE;
				GCC_WARN_UNUSED_FUNCTION = YES;
				GCC_WARN_UNUSED_VARIABLE = YES;
				MTL_ENABLE_DEBUG_INFO = INCLUDE_SOURCE;
				MTL_FAST_MATH = YES;
				ONLY_ACTIVE_ARCH = YES;
				SWIFT_ACTIVE_COMPILATION_CONDITIONS = DEBUG;
				SWIFT_OBJC_BRIDGING_HEADER = "MagicSparkleDonkey Shared/BridgingHeader.h";
				SWIFT_OPTIMIZATION_LEVEL = "-Onone";
			};
			name = Debug;
		};
		49FA475C261D8022003C3F8E /* Release */ = {
			isa = XCBuildConfiguration;
			buildSettings = {
				ALWAYS_SEARCH_USER_PATHS = NO;
				CLANG_ANALYZER_NONNULL = YES;
				CLANG_ANALYZER_NUMBER_OBJECT_CONVERSION = YES_AGGRESSIVE;
				CLANG_CXX_LANGUAGE_STANDARD = "gnu++14";
				CLANG_CXX_LIBRARY = "libc++";
				CLANG_ENABLE_MODULES = YES;
				CLANG_ENABLE_OBJC_ARC = YES;
				CLANG_ENABLE_OBJC_WEAK = YES;
				CLANG_WARN_BLOCK_CAPTURE_AUTORELEASING = YES;
				CLANG_WARN_BOOL_CONVERSION = YES;
				CLANG_WARN_COMMA = YES;
				CLANG_WARN_CONSTANT_CONVERSION = YES;
				CLANG_WARN_DEPRECATED_OBJC_IMPLEMENTATIONS = YES;
				CLANG_WARN_DIRECT_OBJC_ISA_USAGE = YES_ERROR;
				CLANG_WARN_DOCUMENTATION_COMMENTS = YES;
				CLANG_WARN_EMPTY_BODY = YES;
				CLANG_WARN_ENUM_CONVERSION = YES;
				CLANG_WARN_INFINITE_RECURSION = YES;
				CLANG_WARN_INT_CONVERSION = YES;
				CLANG_WARN_NON_LITERAL_NULL_CONVERSION = YES;
				CLANG_WARN_OBJC_IMPLICIT_RETAIN_SELF = YES;
				CLANG_WARN_OBJC_LITERAL_CONVERSION = YES;
				CLANG_WARN_OBJC_ROOT_CLASS = YES_ERROR;
				CLANG_WARN_QUOTED_INCLUDE_IN_FRAMEWORK_HEADER = YES;
				CLANG_WARN_RANGE_LOOP_ANALYSIS = YES;
				CLANG_WARN_STRICT_PROTOTYPES = YES;
				CLANG_WARN_SUSPICIOUS_MOVE = YES;
				CLANG_WARN_UNGUARDED_AVAILABILITY = YES_AGGRESSIVE;
				CLANG_WARN_UNREACHABLE_CODE = YES;
				CLANG_WARN__DUPLICATE_METHOD_MATCH = YES;
				COPY_PHASE_STRIP = NO;
				DEBUG_INFORMATION_FORMAT = "dwarf-with-dsym";
				ENABLE_NS_ASSERTIONS = NO;
				ENABLE_STRICT_OBJC_MSGSEND = YES;
				GCC_C_LANGUAGE_STANDARD = gnu11;
				GCC_NO_COMMON_BLOCKS = YES;
				GCC_WARN_64_TO_32_BIT_CONVERSION = YES;
				GCC_WARN_ABOUT_RETURN_TYPE = YES_ERROR;
				GCC_WARN_UNDECLARED_SELECTOR = YES;
				GCC_WARN_UNINITIALIZED_AUTOS = YES_AGGRESSIVE;
				GCC_WARN_UNUSED_FUNCTION = YES;
				GCC_WARN_UNUSED_VARIABLE = YES;
				MTL_ENABLE_DEBUG_INFO = NO;
				MTL_FAST_MATH = YES;
				SWIFT_COMPILATION_MODE = wholemodule;
				SWIFT_OBJC_BRIDGING_HEADER = "MagicSparkleDonkey Shared/BridgingHeader.h";
				SWIFT_OPTIMIZATION_LEVEL = "-O";
			};
			name = Release;
		};
		49FA475E261D8022003C3F8E /* Debug */ = {
			isa = XCBuildConfiguration;
			buildSettings = {
				ASSETCATALOG_COMPILER_APPICON_NAME = AppIcon;
				ASSETCATALOG_COMPILER_GLOBAL_ACCENT_COLOR_NAME = AccentColor;
				CODE_SIGN_STYLE = Automatic;
				DEVELOPMENT_TEAM = DDE4G723AJ;
				INFOPLIST_FILE = "MagicSparkleDonkey iOS/Info.plist";
				IPHONEOS_DEPLOYMENT_TARGET = 14.5;
				LD_RUNPATH_SEARCH_PATHS = (
					"$(inherited)",
					"@executable_path/Frameworks",
				);
				PRODUCT_BUNDLE_IDENTIFIER = com.darknoon.MagicSparkleDonkey;
				PRODUCT_NAME = MagicSparkleDonkey;
				SDKROOT = iphoneos;
				SWIFT_VERSION = 5.0;
				TARGETED_DEVICE_FAMILY = "1,2";
			};
			name = Debug;
		};
		49FA475F261D8022003C3F8E /* Release */ = {
			isa = XCBuildConfiguration;
			buildSettings = {
				ASSETCATALOG_COMPILER_APPICON_NAME = AppIcon;
				ASSETCATALOG_COMPILER_GLOBAL_ACCENT_COLOR_NAME = AccentColor;
				CODE_SIGN_STYLE = Automatic;
				DEVELOPMENT_TEAM = DDE4G723AJ;
				INFOPLIST_FILE = "MagicSparkleDonkey iOS/Info.plist";
				IPHONEOS_DEPLOYMENT_TARGET = 14.5;
				LD_RUNPATH_SEARCH_PATHS = (
					"$(inherited)",
					"@executable_path/Frameworks",
				);
				PRODUCT_BUNDLE_IDENTIFIER = com.darknoon.MagicSparkleDonkey;
				PRODUCT_NAME = MagicSparkleDonkey;
				SDKROOT = iphoneos;
				SWIFT_VERSION = 5.0;
				TARGETED_DEVICE_FAMILY = "1,2";
				VALIDATE_PRODUCT = YES;
			};
			name = Release;
		};
		49FA4761261D8022003C3F8E /* Debug */ = {
			isa = XCBuildConfiguration;
			buildSettings = {
				ASSETCATALOG_COMPILER_APPICON_NAME = "tvOS App Icon & Top Shelf Image";
				ASSETCATALOG_COMPILER_GLOBAL_ACCENT_COLOR_NAME = AccentColor;
				CODE_SIGN_STYLE = Automatic;
				DEVELOPMENT_TEAM = DDE4G723AJ;
				INFOPLIST_FILE = "MagicSparkleDonkey tvOS/Info.plist";
				LD_RUNPATH_SEARCH_PATHS = (
					"$(inherited)",
					"@executable_path/Frameworks",
				);
				PRODUCT_BUNDLE_IDENTIFIER = com.darknoon.MagicSparkleDonkey;
				PRODUCT_NAME = MagicSparkleDonkey;
				SDKROOT = appletvos;
				SWIFT_VERSION = 5.0;
				TARGETED_DEVICE_FAMILY = 3;
				TVOS_DEPLOYMENT_TARGET = 14.5;
			};
			name = Debug;
		};
		49FA4762261D8022003C3F8E /* Release */ = {
			isa = XCBuildConfiguration;
			buildSettings = {
				ASSETCATALOG_COMPILER_APPICON_NAME = "tvOS App Icon & Top Shelf Image";
				ASSETCATALOG_COMPILER_GLOBAL_ACCENT_COLOR_NAME = AccentColor;
				CODE_SIGN_STYLE = Automatic;
				DEVELOPMENT_TEAM = DDE4G723AJ;
				INFOPLIST_FILE = "MagicSparkleDonkey tvOS/Info.plist";
				LD_RUNPATH_SEARCH_PATHS = (
					"$(inherited)",
					"@executable_path/Frameworks",
				);
				PRODUCT_BUNDLE_IDENTIFIER = com.darknoon.MagicSparkleDonkey;
				PRODUCT_NAME = MagicSparkleDonkey;
				SDKROOT = appletvos;
				SWIFT_VERSION = 5.0;
				TARGETED_DEVICE_FAMILY = 3;
				TVOS_DEPLOYMENT_TARGET = 14.5;
				VALIDATE_PRODUCT = YES;
			};
			name = Release;
		};
		49FA4764261D8022003C3F8E /* Debug */ = {
			isa = XCBuildConfiguration;
			buildSettings = {
				ASSETCATALOG_COMPILER_APPICON_NAME = AppIcon;
				ASSETCATALOG_COMPILER_GLOBAL_ACCENT_COLOR_NAME = AccentColor;
				CODE_SIGN_ENTITLEMENTS = "MagicSparkleDonkey macOS/MagicSparkleDonkey_macOS.entitlements";
				CODE_SIGN_STYLE = Automatic;
				COMBINE_HIDPI_IMAGES = YES;
				DEVELOPMENT_TEAM = DDE4G723AJ;
				ENABLE_HARDENED_RUNTIME = YES;
				INFOPLIST_FILE = "MagicSparkleDonkey macOS/Info.plist";
				LD_RUNPATH_SEARCH_PATHS = (
					"$(inherited)",
					"@executable_path/../Frameworks",
				);
				MACOSX_DEPLOYMENT_TARGET = 11.2;
				PRODUCT_BUNDLE_IDENTIFIER = com.darknoon.MagicSparkleDonkey;
				PRODUCT_NAME = MagicSparkleDonkey;
				SDKROOT = macosx;
				SWIFT_VERSION = 5.0;
			};
			name = Debug;
		};
		49FA4765261D8022003C3F8E /* Release */ = {
			isa = XCBuildConfiguration;
			buildSettings = {
				ASSETCATALOG_COMPILER_APPICON_NAME = AppIcon;
				ASSETCATALOG_COMPILER_GLOBAL_ACCENT_COLOR_NAME = AccentColor;
				CODE_SIGN_ENTITLEMENTS = "MagicSparkleDonkey macOS/MagicSparkleDonkey_macOS.entitlements";
				CODE_SIGN_STYLE = Automatic;
				COMBINE_HIDPI_IMAGES = YES;
				DEVELOPMENT_TEAM = DDE4G723AJ;
				ENABLE_HARDENED_RUNTIME = YES;
				INFOPLIST_FILE = "MagicSparkleDonkey macOS/Info.plist";
				LD_RUNPATH_SEARCH_PATHS = (
					"$(inherited)",
					"@executable_path/../Frameworks",
				);
				MACOSX_DEPLOYMENT_TARGET = 11.2;
				PRODUCT_BUNDLE_IDENTIFIER = com.darknoon.MagicSparkleDonkey;
				PRODUCT_NAME = MagicSparkleDonkey;
				SDKROOT = macosx;
				SWIFT_VERSION = 5.0;
			};
			name = Release;
		};
/* End XCBuildConfiguration section */

/* Begin XCConfigurationList section */
		49FA4717261D8020003C3F8E /* Build configuration list for PBXProject "MagicSparkleDonkey" */ = {
			isa = XCConfigurationList;
			buildConfigurations = (
				49FA475B261D8022003C3F8E /* Debug */,
				49FA475C261D8022003C3F8E /* Release */,
			);
			defaultConfigurationIsVisible = 0;
			defaultConfigurationName = Release;
		};
		49FA475D261D8022003C3F8E /* Build configuration list for PBXNativeTarget "MagicSparkleDonkey iOS" */ = {
			isa = XCConfigurationList;
			buildConfigurations = (
				49FA475E261D8022003C3F8E /* Debug */,
				49FA475F261D8022003C3F8E /* Release */,
			);
			defaultConfigurationIsVisible = 0;
			defaultConfigurationName = Release;
		};
		49FA4760261D8022003C3F8E /* Build configuration list for PBXNativeTarget "MagicSparkleDonkey tvOS" */ = {
			isa = XCConfigurationList;
			buildConfigurations = (
				49FA4761261D8022003C3F8E /* Debug */,
				49FA4762261D8022003C3F8E /* Release */,
			);
			defaultConfigurationIsVisible = 0;
			defaultConfigurationName = Release;
		};
		49FA4763261D8022003C3F8E /* Build configuration list for PBXNativeTarget "MagicSparkleDonkey macOS" */ = {
			isa = XCConfigurationList;
			buildConfigurations = (
				49FA4764261D8022003C3F8E /* Debug */,
				49FA4765261D8022003C3F8E /* Release */,
			);
			defaultConfigurationIsVisible = 0;
			defaultConfigurationName = Release;
		};
/* End XCConfigurationList section */

/* Begin XCSwiftPackageProductDependency section */
		4993AEFC265C7B2B00B00EFB /* MSD */ = {
			isa = XCSwiftPackageProductDependency;
			productName = MSD;
		};
		4993AEFE265C7BA500B00EFB /* MSD */ = {
			isa = XCSwiftPackageProductDependency;
			productName = MSD;
		};
/* End XCSwiftPackageProductDependency section */
	};
	rootObject = 49FA4714261D8020003C3F8E /* Project object */;
}
