// !$*UTF8*$!
{
	archiveVersion = 1;
	classes = {
	};
	objectVersion = 50;
	objects = {

/* Begin PBXBuildFile section */
		491167572663732C007C7BF5 /* GPU.swift in Sources */ = {isa = PBXBuildFile; fileRef = 4993AEE5265C74B400B00EFB /* GPU.swift */; };
		491167582663732D007C7BF5 /* GPU.swift in Sources */ = {isa = PBXBuildFile; fileRef = 4993AEE5265C74B400B00EFB /* GPU.swift */; };
		491167592663732E007C7BF5 /* GPU.swift in Sources */ = {isa = PBXBuildFile; fileRef = 4993AEE5265C74B400B00EFB /* GPU.swift */; };
		4911676D266373B3007C7BF5 /* Scene.swift in Sources */ = {isa = PBXBuildFile; fileRef = 4911675C266373B3007C7BF5 /* Scene.swift */; };
		4911676E266373B3007C7BF5 /* Scene.swift in Sources */ = {isa = PBXBuildFile; fileRef = 4911675C266373B3007C7BF5 /* Scene.swift */; };
		4911676F266373B3007C7BF5 /* Scene.swift in Sources */ = {isa = PBXBuildFile; fileRef = 4911675C266373B3007C7BF5 /* Scene.swift */; };
		49116770266373B3007C7BF5 /* Entity.swift in Sources */ = {isa = PBXBuildFile; fileRef = 4911675D266373B3007C7BF5 /* Entity.swift */; };
		49116771266373B3007C7BF5 /* Entity.swift in Sources */ = {isa = PBXBuildFile; fileRef = 4911675D266373B3007C7BF5 /* Entity.swift */; };
		49116772266373B3007C7BF5 /* Entity.swift in Sources */ = {isa = PBXBuildFile; fileRef = 4911675D266373B3007C7BF5 /* Entity.swift */; };
		49116773266373B3007C7BF5 /* PerspectiveCamera.swift in Sources */ = {isa = PBXBuildFile; fileRef = 4911675F266373B3007C7BF5 /* PerspectiveCamera.swift */; };
		49116774266373B3007C7BF5 /* PerspectiveCamera.swift in Sources */ = {isa = PBXBuildFile; fileRef = 4911675F266373B3007C7BF5 /* PerspectiveCamera.swift */; };
		49116775266373B3007C7BF5 /* PerspectiveCamera.swift in Sources */ = {isa = PBXBuildFile; fileRef = 4911675F266373B3007C7BF5 /* PerspectiveCamera.swift */; };
		49116776266373B3007C7BF5 /* Transform.swift in Sources */ = {isa = PBXBuildFile; fileRef = 49116760266373B3007C7BF5 /* Transform.swift */; };
		49116777266373B3007C7BF5 /* Transform.swift in Sources */ = {isa = PBXBuildFile; fileRef = 49116760266373B3007C7BF5 /* Transform.swift */; };
		49116778266373B3007C7BF5 /* Transform.swift in Sources */ = {isa = PBXBuildFile; fileRef = 49116760266373B3007C7BF5 /* Transform.swift */; };
		49116779266373B3007C7BF5 /* Hierarchy.swift in Sources */ = {isa = PBXBuildFile; fileRef = 49116761266373B3007C7BF5 /* Hierarchy.swift */; };
		4911677A266373B3007C7BF5 /* Hierarchy.swift in Sources */ = {isa = PBXBuildFile; fileRef = 49116761266373B3007C7BF5 /* Hierarchy.swift */; };
		4911677B266373B3007C7BF5 /* Hierarchy.swift in Sources */ = {isa = PBXBuildFile; fileRef = 49116761266373B3007C7BF5 /* Hierarchy.swift */; };
		4911677C266373B3007C7BF5 /* System.swift in Sources */ = {isa = PBXBuildFile; fileRef = 49116762266373B3007C7BF5 /* System.swift */; };
		4911677D266373B3007C7BF5 /* System.swift in Sources */ = {isa = PBXBuildFile; fileRef = 49116762266373B3007C7BF5 /* System.swift */; };
		4911677E266373B3007C7BF5 /* System.swift in Sources */ = {isa = PBXBuildFile; fileRef = 49116762266373B3007C7BF5 /* System.swift */; };
		4911677F266373B3007C7BF5 /* Component.swift in Sources */ = {isa = PBXBuildFile; fileRef = 49116763266373B3007C7BF5 /* Component.swift */; };
		49116780266373B3007C7BF5 /* Component.swift in Sources */ = {isa = PBXBuildFile; fileRef = 49116763266373B3007C7BF5 /* Component.swift */; };
		49116781266373B3007C7BF5 /* Component.swift in Sources */ = {isa = PBXBuildFile; fileRef = 49116763266373B3007C7BF5 /* Component.swift */; };
		49116782266373B3007C7BF5 /* Resource.swift in Sources */ = {isa = PBXBuildFile; fileRef = 49116765266373B3007C7BF5 /* Resource.swift */; };
		49116783266373B3007C7BF5 /* Resource.swift in Sources */ = {isa = PBXBuildFile; fileRef = 49116765266373B3007C7BF5 /* Resource.swift */; };
		49116784266373B3007C7BF5 /* Resource.swift in Sources */ = {isa = PBXBuildFile; fileRef = 49116765266373B3007C7BF5 /* Resource.swift */; };
		49116788266373B3007C7BF5 /* Sparse.swift in Sources */ = {isa = PBXBuildFile; fileRef = 49116768266373B3007C7BF5 /* Sparse.swift */; };
		49116789266373B3007C7BF5 /* Sparse.swift in Sources */ = {isa = PBXBuildFile; fileRef = 49116768266373B3007C7BF5 /* Sparse.swift */; };
		4911678A266373B3007C7BF5 /* Sparse.swift in Sources */ = {isa = PBXBuildFile; fileRef = 49116768266373B3007C7BF5 /* Sparse.swift */; };
		4911678B266373B3007C7BF5 /* ComponentStore.swift in Sources */ = {isa = PBXBuildFile; fileRef = 49116769266373B3007C7BF5 /* ComponentStore.swift */; };
		4911678C266373B3007C7BF5 /* ComponentStore.swift in Sources */ = {isa = PBXBuildFile; fileRef = 49116769266373B3007C7BF5 /* ComponentStore.swift */; };
		4911678D266373B3007C7BF5 /* ComponentStore.swift in Sources */ = {isa = PBXBuildFile; fileRef = 49116769266373B3007C7BF5 /* ComponentStore.swift */; };
		4911678E266373B3007C7BF5 /* ComponentIteration.swift in Sources */ = {isa = PBXBuildFile; fileRef = 4911676A266373B3007C7BF5 /* ComponentIteration.swift */; };
		4911678F266373B3007C7BF5 /* ComponentIteration.swift in Sources */ = {isa = PBXBuildFile; fileRef = 4911676A266373B3007C7BF5 /* ComponentIteration.swift */; };
		49116790266373B3007C7BF5 /* ComponentIteration.swift in Sources */ = {isa = PBXBuildFile; fileRef = 4911676A266373B3007C7BF5 /* ComponentIteration.swift */; };
		49116791266373B3007C7BF5 /* Extras.swift in Sources */ = {isa = PBXBuildFile; fileRef = 4911676C266373B3007C7BF5 /* Extras.swift */; };
		49116792266373B3007C7BF5 /* Extras.swift in Sources */ = {isa = PBXBuildFile; fileRef = 4911676C266373B3007C7BF5 /* Extras.swift */; };
		49116793266373B3007C7BF5 /* Extras.swift in Sources */ = {isa = PBXBuildFile; fileRef = 4911676C266373B3007C7BF5 /* Extras.swift */; };
		4983897C2658243A0046E96E /* PlatformViewRepresentable.swift in Sources */ = {isa = PBXBuildFile; fileRef = 4983897B2658243A0046E96E /* PlatformViewRepresentable.swift */; };
		4983897D2658243A0046E96E /* PlatformViewRepresentable.swift in Sources */ = {isa = PBXBuildFile; fileRef = 4983897B2658243A0046E96E /* PlatformViewRepresentable.swift */; };
		4983897E2658243A0046E96E /* PlatformViewRepresentable.swift in Sources */ = {isa = PBXBuildFile; fileRef = 4983897B2658243A0046E96E /* PlatformViewRepresentable.swift */; };
		4993AED2265ACDE900B00EFB /* MeshResource.swift in Sources */ = {isa = PBXBuildFile; fileRef = 4993AECE265ACDE900B00EFB /* MeshResource.swift */; };
		4993AED3265ACDE900B00EFB /* MeshResource.swift in Sources */ = {isa = PBXBuildFile; fileRef = 4993AECE265ACDE900B00EFB /* MeshResource.swift */; };
		4993AED4265ACDE900B00EFB /* MeshResource.swift in Sources */ = {isa = PBXBuildFile; fileRef = 4993AECE265ACDE900B00EFB /* MeshResource.swift */; };
		4993AED5265ACDE900B00EFB /* Shaders.metal in Sources */ = {isa = PBXBuildFile; fileRef = 4993AECF265ACDE900B00EFB /* Shaders.metal */; };
		4993AED6265ACDE900B00EFB /* Shaders.metal in Sources */ = {isa = PBXBuildFile; fileRef = 4993AECF265ACDE900B00EFB /* Shaders.metal */; };
		4993AED7265ACDE900B00EFB /* Shaders.metal in Sources */ = {isa = PBXBuildFile; fileRef = 4993AECF265ACDE900B00EFB /* Shaders.metal */; };
		4993AED8265ACDE900B00EFB /* RendererMetal.swift in Sources */ = {isa = PBXBuildFile; fileRef = 4993AED1265ACDE900B00EFB /* RendererMetal.swift */; };
		4993AED9265ACDE900B00EFB /* RendererMetal.swift in Sources */ = {isa = PBXBuildFile; fileRef = 4993AED1265ACDE900B00EFB /* RendererMetal.swift */; };
		4993AEDA265ACDE900B00EFB /* RendererMetal.swift in Sources */ = {isa = PBXBuildFile; fileRef = 4993AED1265ACDE900B00EFB /* RendererMetal.swift */; };
		4993AEEF265C793300B00EFB /* Resources.swift in Sources */ = {isa = PBXBuildFile; fileRef = 4993AEEE265C793300B00EFB /* Resources.swift */; };
		4993AEF0265C793300B00EFB /* Resources.swift in Sources */ = {isa = PBXBuildFile; fileRef = 4993AEEE265C793300B00EFB /* Resources.swift */; };
		4993AEF1265C793300B00EFB /* Resources.swift in Sources */ = {isa = PBXBuildFile; fileRef = 4993AEEE265C793300B00EFB /* Resources.swift */; };
		4993AF08265D6F8800B00EFB /* Forward.swift in Sources */ = {isa = PBXBuildFile; fileRef = 4993AF07265D6F8800B00EFB /* Forward.swift */; };
		4993AF09265D6F8800B00EFB /* Forward.swift in Sources */ = {isa = PBXBuildFile; fileRef = 4993AF07265D6F8800B00EFB /* Forward.swift */; };
		4993AF0A265D6F8800B00EFB /* Forward.swift in Sources */ = {isa = PBXBuildFile; fileRef = 4993AF07265D6F8800B00EFB /* Forward.swift */; };
		49B9FCFD2654587D00D86C34 /* App.swift in Sources */ = {isa = PBXBuildFile; fileRef = 49B9FCFC2654587D00D86C34 /* App.swift */; };
		49B9FCFE2654587D00D86C34 /* App.swift in Sources */ = {isa = PBXBuildFile; fileRef = 49B9FCFC2654587D00D86C34 /* App.swift */; };
		49B9FCFF2654587D00D86C34 /* App.swift in Sources */ = {isa = PBXBuildFile; fileRef = 49B9FCFC2654587D00D86C34 /* App.swift */; };
		49B9FD01265458A600D86C34 /* MSDView.swift in Sources */ = {isa = PBXBuildFile; fileRef = 49B9FD00265458A600D86C34 /* MSDView.swift */; };
		49B9FD02265458A600D86C34 /* MSDView.swift in Sources */ = {isa = PBXBuildFile; fileRef = 49B9FD00265458A600D86C34 /* MSDView.swift */; };
		49B9FD03265458A600D86C34 /* MSDView.swift in Sources */ = {isa = PBXBuildFile; fileRef = 49B9FD00265458A600D86C34 /* MSDView.swift */; };
		49EECE5C2664D89F0055E6B8 /* RendererGeneric.swift in Sources */ = {isa = PBXBuildFile; fileRef = 49EECE5B2664D8740055E6B8 /* RendererGeneric.swift */; };
		49EECE5D2664D8A00055E6B8 /* RendererGeneric.swift in Sources */ = {isa = PBXBuildFile; fileRef = 49EECE5B2664D8740055E6B8 /* RendererGeneric.swift */; };
		49EECE5E2664D8A00055E6B8 /* RendererGeneric.swift in Sources */ = {isa = PBXBuildFile; fileRef = 49EECE5B2664D8740055E6B8 /* RendererGeneric.swift */; };
		49EECE5F2666E40F0055E6B8 /* GPUMetal.swift in Sources */ = {isa = PBXBuildFile; fileRef = 4993AEE6265C74B400B00EFB /* GPUMetal.swift */; };
		49EECE602666E4100055E6B8 /* GPUMetal.swift in Sources */ = {isa = PBXBuildFile; fileRef = 4993AEE6265C74B400B00EFB /* GPUMetal.swift */; };
		49EECE612666E4100055E6B8 /* GPUMetal.swift in Sources */ = {isa = PBXBuildFile; fileRef = 4993AEE6265C74B400B00EFB /* GPUMetal.swift */; };
		49FA4758261D8022003C3F8E /* Assets.xcassets in Resources */ = {isa = PBXBuildFile; fileRef = 49FA471C261D8022003C3F8E /* Assets.xcassets */; };
		49FA4759261D8022003C3F8E /* Assets.xcassets in Resources */ = {isa = PBXBuildFile; fileRef = 49FA471C261D8022003C3F8E /* Assets.xcassets */; };
		49FA475A261D8022003C3F8E /* Assets.xcassets in Resources */ = {isa = PBXBuildFile; fileRef = 49FA471C261D8022003C3F8E /* Assets.xcassets */; };
		49FD323026632B3D007D19EF /* RenderSystem.swift in Sources */ = {isa = PBXBuildFile; fileRef = 49FD322F26632B3D007D19EF /* RenderSystem.swift */; };
		49FD323126632B3D007D19EF /* RenderSystem.swift in Sources */ = {isa = PBXBuildFile; fileRef = 49FD322F26632B3D007D19EF /* RenderSystem.swift */; };
		49FD323226632B3D007D19EF /* RenderSystem.swift in Sources */ = {isa = PBXBuildFile; fileRef = 49FD322F26632B3D007D19EF /* RenderSystem.swift */; };
/* End PBXBuildFile section */

/* Begin PBXFileReference section */
		4911675C266373B3007C7BF5 /* Scene.swift */ = {isa = PBXFileReference; fileEncoding = 4; lastKnownFileType = sourcecode.swift; path = Scene.swift; sourceTree = "<group>"; };
		4911675D266373B3007C7BF5 /* Entity.swift */ = {isa = PBXFileReference; fileEncoding = 4; lastKnownFileType = sourcecode.swift; path = Entity.swift; sourceTree = "<group>"; };
		4911675F266373B3007C7BF5 /* PerspectiveCamera.swift */ = {isa = PBXFileReference; fileEncoding = 4; lastKnownFileType = sourcecode.swift; path = PerspectiveCamera.swift; sourceTree = "<group>"; };
		49116760266373B3007C7BF5 /* Transform.swift */ = {isa = PBXFileReference; fileEncoding = 4; lastKnownFileType = sourcecode.swift; path = Transform.swift; sourceTree = "<group>"; };
		49116761266373B3007C7BF5 /* Hierarchy.swift */ = {isa = PBXFileReference; fileEncoding = 4; lastKnownFileType = sourcecode.swift; path = Hierarchy.swift; sourceTree = "<group>"; };
		49116762266373B3007C7BF5 /* System.swift */ = {isa = PBXFileReference; fileEncoding = 4; lastKnownFileType = sourcecode.swift; path = System.swift; sourceTree = "<group>"; };
		49116763266373B3007C7BF5 /* Component.swift */ = {isa = PBXFileReference; fileEncoding = 4; lastKnownFileType = sourcecode.swift; path = Component.swift; sourceTree = "<group>"; };
		49116765266373B3007C7BF5 /* Resource.swift */ = {isa = PBXFileReference; fileEncoding = 4; lastKnownFileType = sourcecode.swift; path = Resource.swift; sourceTree = "<group>"; };
		49116768266373B3007C7BF5 /* Sparse.swift */ = {isa = PBXFileReference; fileEncoding = 4; lastKnownFileType = sourcecode.swift; path = Sparse.swift; sourceTree = "<group>"; };
		49116769266373B3007C7BF5 /* ComponentStore.swift */ = {isa = PBXFileReference; fileEncoding = 4; lastKnownFileType = sourcecode.swift; path = ComponentStore.swift; sourceTree = "<group>"; };
		4911676A266373B3007C7BF5 /* ComponentIteration.swift */ = {isa = PBXFileReference; fileEncoding = 4; lastKnownFileType = sourcecode.swift; path = ComponentIteration.swift; sourceTree = "<group>"; };
		4911676C266373B3007C7BF5 /* Extras.swift */ = {isa = PBXFileReference; fileEncoding = 4; lastKnownFileType = sourcecode.swift; path = Extras.swift; sourceTree = "<group>"; };
		4983897B2658243A0046E96E /* PlatformViewRepresentable.swift */ = {isa = PBXFileReference; lastKnownFileType = sourcecode.swift; path = PlatformViewRepresentable.swift; sourceTree = "<group>"; };
		4993AECE265ACDE900B00EFB /* MeshResource.swift */ = {isa = PBXFileReference; fileEncoding = 4; lastKnownFileType = sourcecode.swift; path = MeshResource.swift; sourceTree = "<group>"; };
		4993AECF265ACDE900B00EFB /* Shaders.metal */ = {isa = PBXFileReference; fileEncoding = 4; lastKnownFileType = sourcecode.metal; path = Shaders.metal; sourceTree = "<group>"; };
		4993AED0265ACDE900B00EFB /* ShaderTypes.h */ = {isa = PBXFileReference; fileEncoding = 4; lastKnownFileType = sourcecode.c.h; path = ShaderTypes.h; sourceTree = "<group>"; };
		4993AED1265ACDE900B00EFB /* RendererMetal.swift */ = {isa = PBXFileReference; fileEncoding = 4; lastKnownFileType = sourcecode.swift; path = RendererMetal.swift; sourceTree = "<group>"; };
		4993AEE5265C74B400B00EFB /* GPU.swift */ = {isa = PBXFileReference; fileEncoding = 4; lastKnownFileType = sourcecode.swift; path = GPU.swift; sourceTree = "<group>"; };
		4993AEE6265C74B400B00EFB /* GPUMetal.swift */ = {isa = PBXFileReference; fileEncoding = 4; lastKnownFileType = sourcecode.swift; path = GPUMetal.swift; sourceTree = "<group>"; };
		4993AEEE265C793300B00EFB /* Resources.swift */ = {isa = PBXFileReference; lastKnownFileType = sourcecode.swift; path = Resources.swift; sourceTree = "<group>"; };
		4993AEF2265C798C00B00EFB /* BridgingHeader.h */ = {isa = PBXFileReference; lastKnownFileType = sourcecode.c.h; path = BridgingHeader.h; sourceTree = "<group>"; };
		4993AF02265CC50800B00EFB /* Resources */ = {isa = PBXFileReference; lastKnownFileType = folder; path = Resources; sourceTree = "<group>"; };
		4993AF07265D6F8800B00EFB /* Forward.swift */ = {isa = PBXFileReference; lastKnownFileType = sourcecode.swift; path = Forward.swift; sourceTree = "<group>"; };
		49B9FCFC2654587D00D86C34 /* App.swift */ = {isa = PBXFileReference; lastKnownFileType = sourcecode.swift; path = App.swift; sourceTree = "<group>"; };
		49B9FD00265458A600D86C34 /* MSDView.swift */ = {isa = PBXFileReference; lastKnownFileType = sourcecode.swift; path = MSDView.swift; sourceTree = "<group>"; };
		49EECE5B2664D8740055E6B8 /* RendererGeneric.swift */ = {isa = PBXFileReference; lastKnownFileType = sourcecode.swift; path = RendererGeneric.swift; sourceTree = "<group>"; };
		49FA471C261D8022003C3F8E /* Assets.xcassets */ = {isa = PBXFileReference; lastKnownFileType = folder.assetcatalog; path = Assets.xcassets; sourceTree = "<group>"; };
		49FA4721261D8022003C3F8E /* MagicSparkleDonkey.app */ = {isa = PBXFileReference; explicitFileType = wrapper.application; includeInIndex = 0; path = MagicSparkleDonkey.app; sourceTree = BUILT_PRODUCTS_DIR; };
		49FA472E261D8022003C3F8E /* Info.plist */ = {isa = PBXFileReference; lastKnownFileType = text.plist.xml; path = Info.plist; sourceTree = "<group>"; };
		49FA4733261D8022003C3F8E /* MagicSparkleDonkey.app */ = {isa = PBXFileReference; explicitFileType = wrapper.application; includeInIndex = 0; path = MagicSparkleDonkey.app; sourceTree = BUILT_PRODUCTS_DIR; };
		49FA473F261D8022003C3F8E /* Info.plist */ = {isa = PBXFileReference; lastKnownFileType = text.plist.xml; path = Info.plist; sourceTree = "<group>"; };
		49FA4744261D8022003C3F8E /* MagicSparkleDonkey.app */ = {isa = PBXFileReference; explicitFileType = wrapper.application; includeInIndex = 0; path = MagicSparkleDonkey.app; sourceTree = BUILT_PRODUCTS_DIR; };
		49FA474D261D8022003C3F8E /* Info.plist */ = {isa = PBXFileReference; lastKnownFileType = text.plist.xml; path = Info.plist; sourceTree = "<group>"; };
		49FA474E261D8022003C3F8E /* MagicSparkleDonkey_macOS.entitlements */ = {isa = PBXFileReference; lastKnownFileType = text.plist.entitlements; path = MagicSparkleDonkey_macOS.entitlements; sourceTree = "<group>"; };
		49FD322F26632B3D007D19EF /* RenderSystem.swift */ = {isa = PBXFileReference; fileEncoding = 4; lastKnownFileType = sourcecode.swift; path = RenderSystem.swift; sourceTree = "<group>"; };
/* End PBXFileReference section */

/* Begin PBXFrameworksBuildPhase section */
		49FA471E261D8022003C3F8E /* Frameworks */ = {
			isa = PBXFrameworksBuildPhase;
			buildActionMask = 2147483647;
			files = (
			);
			runOnlyForDeploymentPostprocessing = 0;
		};
		49FA4730261D8022003C3F8E /* Frameworks */ = {
			isa = PBXFrameworksBuildPhase;
			buildActionMask = 2147483647;
			files = (
			);
			runOnlyForDeploymentPostprocessing = 0;
		};
		49FA4741261D8022003C3F8E /* Frameworks */ = {
			isa = PBXFrameworksBuildPhase;
			buildActionMask = 2147483647;
			files = (
			);
			runOnlyForDeploymentPostprocessing = 0;
		};
/* End PBXFrameworksBuildPhase section */

/* Begin PBXGroup section */
		4911675B266373B3007C7BF5 /* MSD */ = {
			isa = PBXGroup;
			children = (
				4911675C266373B3007C7BF5 /* Scene.swift */,
				4911675D266373B3007C7BF5 /* Entity.swift */,
				4911675E266373B3007C7BF5 /* Components */,
				49116762266373B3007C7BF5 /* System.swift */,
				49116763266373B3007C7BF5 /* Component.swift */,
				49116764266373B3007C7BF5 /* Resource */,
				49116767266373B3007C7BF5 /* Store */,
				4911676B266373B3007C7BF5 /* Extras */,
			);
			name = MSD;
			path = "MagicSparkleDonkey Shared/MSD";
			sourceTree = SOURCE_ROOT;
		};
		4911675E266373B3007C7BF5 /* Components */ = {
			isa = PBXGroup;
			children = (
				4911675F266373B3007C7BF5 /* PerspectiveCamera.swift */,
				49116760266373B3007C7BF5 /* Transform.swift */,
				49116761266373B3007C7BF5 /* Hierarchy.swift */,
			);
			path = Components;
			sourceTree = "<group>";
		};
		49116764266373B3007C7BF5 /* Resource */ = {
			isa = PBXGroup;
			children = (
				49116765266373B3007C7BF5 /* Resource.swift */,
			);
			path = Resource;
			sourceTree = "<group>";
		};
		49116767266373B3007C7BF5 /* Store */ = {
			isa = PBXGroup;
			children = (
				49116768266373B3007C7BF5 /* Sparse.swift */,
				49116769266373B3007C7BF5 /* ComponentStore.swift */,
				4911676A266373B3007C7BF5 /* ComponentIteration.swift */,
			);
			path = Store;
			sourceTree = "<group>";
		};
		4911676B266373B3007C7BF5 /* Extras */ = {
			isa = PBXGroup;
			children = (
				4911676C266373B3007C7BF5 /* Extras.swift */,
			);
			path = Extras;
			sourceTree = "<group>";
		};
		4983897A265824240046E96E /* Common */ = {
			isa = PBXGroup;
			children = (
				4983897B2658243A0046E96E /* PlatformViewRepresentable.swift */,
			);
			path = Common;
			sourceTree = "<group>";
		};
		4993AECD265ACDE900B00EFB /* MSDRender */ = {
			isa = PBXGroup;
			children = (
				49FD322F26632B3D007D19EF /* RenderSystem.swift */,
				4993AF06265D6F7300B00EFB /* Passes */,
				4993AED0265ACDE900B00EFB /* ShaderTypes.h */,
				4993AEE4265C74B400B00EFB /* GPU */,
				4993AECE265ACDE900B00EFB /* MeshResource.swift */,
				4993AECF265ACDE900B00EFB /* Shaders.metal */,
				49EECE5B2664D8740055E6B8 /* RendererGeneric.swift */,
				4993AED1265ACDE900B00EFB /* RendererMetal.swift */,
			);
			path = MSDRender;
			sourceTree = "<group>";
		};
		4993AEE4265C74B400B00EFB /* GPU */ = {
			isa = PBXGroup;
			children = (
				4993AEE5265C74B400B00EFB /* GPU.swift */,
				4993AEE6265C74B400B00EFB /* GPUMetal.swift */,
			);
			path = GPU;
			sourceTree = "<group>";
		};
		4993AEED265C792700B00EFB /* Resource */ = {
			isa = PBXGroup;
			children = (
				4993AEEE265C793300B00EFB /* Resources.swift */,
			);
			path = Resource;
			sourceTree = "<group>";
		};
		4993AEF3265C7A5100B00EFB /* Frameworks */ = {
			isa = PBXGroup;
			children = (
			);
			name = Frameworks;
			sourceTree = "<group>";
		};
		4993AF06265D6F7300B00EFB /* Passes */ = {
			isa = PBXGroup;
			children = (
				4993AF07265D6F8800B00EFB /* Forward.swift */,
			);
			path = Passes;
			sourceTree = "<group>";
		};
		49FA4713261D8020003C3F8E = {
			isa = PBXGroup;
			children = (
				49FA4718261D8020003C3F8E /* MagicSparkleDonkey Shared */,
				49FA4723261D8022003C3F8E /* MagicSparkleDonkey iOS */,
				49FA4734261D8022003C3F8E /* MagicSparkleDonkey tvOS */,
				49FA4745261D8022003C3F8E /* MagicSparkleDonkey macOS */,
				4993AF02265CC50800B00EFB /* Resources */,
				49FA4722261D8022003C3F8E /* Products */,
				4993AEF3265C7A5100B00EFB /* Frameworks */,
			);
			sourceTree = "<group>";
		};
		49FA4718261D8020003C3F8E /* MagicSparkleDonkey Shared */ = {
			isa = PBXGroup;
			children = (
				4911675B266373B3007C7BF5 /* MSD */,
				4993AEF2265C798C00B00EFB /* BridgingHeader.h */,
				4993AEED265C792700B00EFB /* Resource */,
				4983897A265824240046E96E /* Common */,
				49FA471C261D8022003C3F8E /* Assets.xcassets */,
				49B9FCFC2654587D00D86C34 /* App.swift */,
				49B9FD00265458A600D86C34 /* MSDView.swift */,
				4993AECD265ACDE900B00EFB /* MSDRender */,
			);
			path = "MagicSparkleDonkey Shared";
			sourceTree = "<group>";
		};
		49FA4722261D8022003C3F8E /* Products */ = {
			isa = PBXGroup;
			children = (
				49FA4721261D8022003C3F8E /* MagicSparkleDonkey.app */,
				49FA4733261D8022003C3F8E /* MagicSparkleDonkey.app */,
				49FA4744261D8022003C3F8E /* MagicSparkleDonkey.app */,
			);
			name = Products;
			sourceTree = "<group>";
		};
		49FA4723261D8022003C3F8E /* MagicSparkleDonkey iOS */ = {
			isa = PBXGroup;
			children = (
				49FA472E261D8022003C3F8E /* Info.plist */,
			);
			path = "MagicSparkleDonkey iOS";
			sourceTree = "<group>";
		};
		49FA4734261D8022003C3F8E /* MagicSparkleDonkey tvOS */ = {
			isa = PBXGroup;
			children = (
				49FA473F261D8022003C3F8E /* Info.plist */,
			);
			path = "MagicSparkleDonkey tvOS";
			sourceTree = "<group>";
		};
		49FA4745261D8022003C3F8E /* MagicSparkleDonkey macOS */ = {
			isa = PBXGroup;
			children = (
				49FA474D261D8022003C3F8E /* Info.plist */,
				49FA474E261D8022003C3F8E /* MagicSparkleDonkey_macOS.entitlements */,
			);
			path = "MagicSparkleDonkey macOS";
			sourceTree = "<group>";
		};
/* End PBXGroup section */

/* Begin PBXNativeTarget section */
		49FA4720261D8022003C3F8E /* MagicSparkleDonkey iOS */ = {
			isa = PBXNativeTarget;
			buildConfigurationList = 49FA475D261D8022003C3F8E /* Build configuration list for PBXNativeTarget "MagicSparkleDonkey iOS" */;
			buildPhases = (
				49FA471D261D8022003C3F8E /* Sources */,
				49FA471E261D8022003C3F8E /* Frameworks */,
				49FA471F261D8022003C3F8E /* Resources */,
			);
			buildRules = (
			);
			dependencies = (
			);
			name = "MagicSparkleDonkey iOS";
			packageProductDependencies = (
			);
			productName = "MagicSparkleDonkey iOS";
			productReference = 49FA4721261D8022003C3F8E /* MagicSparkleDonkey.app */;
			productType = "com.apple.product-type.application";
		};
		49FA4732261D8022003C3F8E /* MagicSparkleDonkey tvOS */ = {
			isa = PBXNativeTarget;
			buildConfigurationList = 49FA4760261D8022003C3F8E /* Build configuration list for PBXNativeTarget "MagicSparkleDonkey tvOS" */;
			buildPhases = (
				49FA472F261D8022003C3F8E /* Sources */,
				49FA4730261D8022003C3F8E /* Frameworks */,
				49FA4731261D8022003C3F8E /* Resources */,
			);
			buildRules = (
			);
			dependencies = (
			);
			name = "MagicSparkleDonkey tvOS";
			productName = "MagicSparkleDonkey tvOS";
			productReference = 49FA4733261D8022003C3F8E /* MagicSparkleDonkey.app */;
			productType = "com.apple.product-type.application";
		};
		49FA4743261D8022003C3F8E /* MagicSparkleDonkey macOS */ = {
			isa = PBXNativeTarget;
			buildConfigurationList = 49FA4763261D8022003C3F8E /* Build configuration list for PBXNativeTarget "MagicSparkleDonkey macOS" */;
			buildPhases = (
				49FA4740261D8022003C3F8E /* Sources */,
				49FA4741261D8022003C3F8E /* Frameworks */,
				49FA4742261D8022003C3F8E /* Resources */,
			);
			buildRules = (
			);
			dependencies = (
			);
			name = "MagicSparkleDonkey macOS";
			packageProductDependencies = (
			);
			productName = "MagicSparkleDonkey macOS";
			productReference = 49FA4744261D8022003C3F8E /* MagicSparkleDonkey.app */;
			productType = "com.apple.product-type.application";
		};
/* End PBXNativeTarget section */

/* Begin PBXProject section */
		49FA4714261D8020003C3F8E /* Project object */ = {
			isa = PBXProject;
			attributes = {
				LastSwiftUpdateCheck = 1250;
				LastUpgradeCheck = 1250;
				TargetAttributes = {
					49FA4720261D8022003C3F8E = {
						CreatedOnToolsVersion = 12.5;
					};
					49FA4732261D8022003C3F8E = {
						CreatedOnToolsVersion = 12.5;
					};
					49FA4743261D8022003C3F8E = {
						CreatedOnToolsVersion = 12.5;
					};
				};
			};
			buildConfigurationList = 49FA4717261D8020003C3F8E /* Build configuration list for PBXProject "MagicSparkleDonkey" */;
			compatibilityVersion = "Xcode 9.3";
			developmentRegion = en;
			hasScannedForEncodings = 0;
			knownRegions = (
				en,
				Base,
			);
			mainGroup = 49FA4713261D8020003C3F8E;
			productRefGroup = 49FA4722261D8022003C3F8E /* Products */;
			projectDirPath = "";
			projectRoot = "";
			targets = (
				49FA4720261D8022003C3F8E /* MagicSparkleDonkey iOS */,
				49FA4732261D8022003C3F8E /* MagicSparkleDonkey tvOS */,
				49FA4743261D8022003C3F8E /* MagicSparkleDonkey macOS */,
			);
		};
/* End PBXProject section */

/* Begin PBXResourcesBuildPhase section */
		49FA471F261D8022003C3F8E /* Resources */ = {
			isa = PBXResourcesBuildPhase;
			buildActionMask = 2147483647;
			files = (
				49FA4758261D8022003C3F8E /* Assets.xcassets in Resources */,
			);
			runOnlyForDeploymentPostprocessing = 0;
		};
		49FA4731261D8022003C3F8E /* Resources */ = {
			isa = PBXResourcesBuildPhase;
			buildActionMask = 2147483647;
			files = (
				49FA4759261D8022003C3F8E /* Assets.xcassets in Resources */,
			);
			runOnlyForDeploymentPostprocessing = 0;
		};
		49FA4742261D8022003C3F8E /* Resources */ = {
			isa = PBXResourcesBuildPhase;
			buildActionMask = 2147483647;
			files = (
				49FA475A261D8022003C3F8E /* Assets.xcassets in Resources */,
			);
			runOnlyForDeploymentPostprocessing = 0;
		};
/* End PBXResourcesBuildPhase section */

/* Begin PBXSourcesBuildPhase section */
		49FA471D261D8022003C3F8E /* Sources */ = {
			isa = PBXSourcesBuildPhase;
			buildActionMask = 2147483647;
			files = (
				49EECE5F2666E40F0055E6B8 /* GPUMetal.swift in Sources */,
				49B9FCFD2654587D00D86C34 /* App.swift in Sources */,
				4983897C2658243A0046E96E /* PlatformViewRepresentable.swift in Sources */,
				4993AED2265ACDE900B00EFB /* MeshResource.swift in Sources */,
				4911678E266373B3007C7BF5 /* ComponentIteration.swift in Sources */,
				4911677F266373B3007C7BF5 /* Component.swift in Sources */,
				49116773266373B3007C7BF5 /* PerspectiveCamera.swift in Sources */,
				49B9FD01265458A600D86C34 /* MSDView.swift in Sources */,
				491167572663732C007C7BF5 /* GPU.swift in Sources */,
				4993AEEF265C793300B00EFB /* Resources.swift in Sources */,
				49FD323026632B3D007D19EF /* RenderSystem.swift in Sources */,
				49116791266373B3007C7BF5 /* Extras.swift in Sources */,
				49EECE5C2664D89F0055E6B8 /* RendererGeneric.swift in Sources */,
				49116782266373B3007C7BF5 /* Resource.swift in Sources */,
				4993AED8265ACDE900B00EFB /* RendererMetal.swift in Sources */,
				49116779266373B3007C7BF5 /* Hierarchy.swift in Sources */,
				49116788266373B3007C7BF5 /* Sparse.swift in Sources */,
				49116770266373B3007C7BF5 /* Entity.swift in Sources */,
				49116776266373B3007C7BF5 /* Transform.swift in Sources */,
				4911677C266373B3007C7BF5 /* System.swift in Sources */,
				4993AED5265ACDE900B00EFB /* Shaders.metal in Sources */,
				4993AF08265D6F8800B00EFB /* Forward.swift in Sources */,
				4911676D266373B3007C7BF5 /* Scene.swift in Sources */,
				4911678B266373B3007C7BF5 /* ComponentStore.swift in Sources */,
			);
			runOnlyForDeploymentPostprocessing = 0;
		};
		49FA472F261D8022003C3F8E /* Sources */ = {
			isa = PBXSourcesBuildPhase;
			buildActionMask = 2147483647;
			files = (
				49EECE602666E4100055E6B8 /* GPUMetal.swift in Sources */,
				49B9FCFE2654587D00D86C34 /* App.swift in Sources */,
				4983897D2658243A0046E96E /* PlatformViewRepresentable.swift in Sources */,
				4993AED3265ACDE900B00EFB /* MeshResource.swift in Sources */,
				4911678F266373B3007C7BF5 /* ComponentIteration.swift in Sources */,
				49116780266373B3007C7BF5 /* Component.swift in Sources */,
				49116774266373B3007C7BF5 /* PerspectiveCamera.swift in Sources */,
				49B9FD02265458A600D86C34 /* MSDView.swift in Sources */,
				491167582663732D007C7BF5 /* GPU.swift in Sources */,
				4993AEF0265C793300B00EFB /* Resources.swift in Sources */,
				49FD323126632B3D007D19EF /* RenderSystem.swift in Sources */,
				49116792266373B3007C7BF5 /* Extras.swift in Sources */,
				49EECE5D2664D8A00055E6B8 /* RendererGeneric.swift in Sources */,
				49116783266373B3007C7BF5 /* Resource.swift in Sources */,
				4993AED9265ACDE900B00EFB /* RendererMetal.swift in Sources */,
				4911677A266373B3007C7BF5 /* Hierarchy.swift in Sources */,
				49116789266373B3007C7BF5 /* Sparse.swift in Sources */,
				49116771266373B3007C7BF5 /* Entity.swift in Sources */,
				49116777266373B3007C7BF5 /* Transform.swift in Sources */,
				4911677D266373B3007C7BF5 /* System.swift in Sources */,
				4993AED6265ACDE900B00EFB /* Shaders.metal in Sources */,
				4993AF09265D6F8800B00EFB /* Forward.swift in Sources */,
				4911676E266373B3007C7BF5 /* Scene.swift in Sources */,
				4911678C266373B3007C7BF5 /* ComponentStore.swift in Sources */,
			);
			runOnlyForDeploymentPostprocessing = 0;
		};
		49FA4740261D8022003C3F8E /* Sources */ = {
			isa = PBXSourcesBuildPhase;
			buildActionMask = 2147483647;
			files = (
				49EECE612666E4100055E6B8 /* GPUMetal.swift in Sources */,
				49B9FCFF2654587D00D86C34 /* App.swift in Sources */,
				4983897E2658243A0046E96E /* PlatformViewRepresentable.swift in Sources */,
				4993AED4265ACDE900B00EFB /* MeshResource.swift in Sources */,
				49116790266373B3007C7BF5 /* ComponentIteration.swift in Sources */,
				49116781266373B3007C7BF5 /* Component.swift in Sources */,
				49116775266373B3007C7BF5 /* PerspectiveCamera.swift in Sources */,
				49B9FD03265458A600D86C34 /* MSDView.swift in Sources */,
				491167592663732E007C7BF5 /* GPU.swift in Sources */,
				4993AEF1265C793300B00EFB /* Resources.swift in Sources */,
				49FD323226632B3D007D19EF /* RenderSystem.swift in Sources */,
				49116793266373B3007C7BF5 /* Extras.swift in Sources */,
				49EECE5E2664D8A00055E6B8 /* RendererGeneric.swift in Sources */,
				49116784266373B3007C7BF5 /* Resource.swift in Sources */,
				4993AEDA265ACDE900B00EFB /* RendererMetal.swift in Sources */,
				4911677B266373B3007C7BF5 /* Hierarchy.swift in Sources */,
				4911678A266373B3007C7BF5 /* Sparse.swift in Sources */,
				49116772266373B3007C7BF5 /* Entity.swift in Sources */,
				49116778266373B3007C7BF5 /* Transform.swift in Sources */,
				4911677E266373B3007C7BF5 /* System.swift in Sources */,
				4993AED7265ACDE900B00EFB /* Shaders.metal in Sources */,
				4993AF0A265D6F8800B00EFB /* Forward.swift in Sources */,
				4911676F266373B3007C7BF5 /* Scene.swift in Sources */,
				4911678D266373B3007C7BF5 /* ComponentStore.swift in Sources */,
			);
			runOnlyForDeploymentPostprocessing = 0;
		};
/* End PBXSourcesBuildPhase section */

/* Begin XCBuildConfiguration section */
		49FA475B261D8022003C3F8E /* Debug */ = {
			isa = XCBuildConfiguration;
			buildSettings = {
				ALWAYS_SEARCH_USER_PATHS = NO;
				CLANG_ANALYZER_NONNULL = YES;
				CLANG_ANALYZER_NUMBER_OBJECT_CONVERSION = YES_AGGRESSIVE;
				CLANG_CXX_LANGUAGE_STANDARD = "gnu++14";
				CLANG_CXX_LIBRARY = "libc++";
				CLANG_ENABLE_MODULES = YES;
				CLANG_ENABLE_OBJC_ARC = YES;
				CLANG_ENABLE_OBJC_WEAK = YES;
				CLANG_WARN_BLOCK_CAPTURE_AUTORELEASING = YES;
				CLANG_WARN_BOOL_CONVERSION = YES;
				CLANG_WARN_COMMA = YES;
				CLANG_WARN_CONSTANT_CONVERSION = YES;
				CLANG_WARN_DEPRECATED_OBJC_IMPLEMENTATIONS = YES;
				CLANG_WARN_DIRECT_OBJC_ISA_USAGE = YES_ERROR;
				CLANG_WARN_DOCUMENTATION_COMMENTS = YES;
				CLANG_WARN_EMPTY_BODY = YES;
				CLANG_WARN_ENUM_CONVERSION = YES;
				CLANG_WARN_INFINITE_RECURSION = YES;
				CLANG_WARN_INT_CONVERSION = YES;
				CLANG_WARN_NON_LITERAL_NULL_CONVERSION = YES;
				CLANG_WARN_OBJC_IMPLICIT_RETAIN_SELF = YES;
				CLANG_WARN_OBJC_LITERAL_CONVERSION = YES;
				CLANG_WARN_OBJC_ROOT_CLASS = YES_ERROR;
				CLANG_WARN_QUOTED_INCLUDE_IN_FRAMEWORK_HEADER = YES;
				CLANG_WARN_RANGE_LOOP_ANALYSIS = YES;
				CLANG_WARN_STRICT_PROTOTYPES = YES;
				CLANG_WARN_SUSPICIOUS_MOVE = YES;
				CLANG_WARN_UNGUARDED_AVAILABILITY = YES_AGGRESSIVE;
				CLANG_WARN_UNREACHABLE_CODE = YES;
				CLANG_WARN__DUPLICATE_METHOD_MATCH = YES;
				COPY_PHASE_STRIP = NO;
				DEBUG_INFORMATION_FORMAT = dwarf;
				ENABLE_STRICT_OBJC_MSGSEND = YES;
				ENABLE_TESTABILITY = YES;
				GCC_C_LANGUAGE_STANDARD = gnu11;
				GCC_DYNAMIC_NO_PIC = NO;
				GCC_NO_COMMON_BLOCKS = YES;
				GCC_OPTIMIZATION_LEVEL = 0;
				GCC_PREPROCESSOR_DEFINITIONS = (
					"DEBUG=1",
					"$(inherited)",
				);
				GCC_WARN_64_TO_32_BIT_CONVERSION = YES;
				GCC_WARN_ABOUT_RETURN_TYPE = YES_ERROR;
				GCC_WARN_UNDECLARED_SELECTOR = YES;
				GCC_WARN_UNINITIALIZED_AUTOS = YES_AGGRESSIVE;
				GCC_WARN_UNUSED_FUNCTION = YES;
				GCC_WARN_UNUSED_VARIABLE = YES;
				MTL_ENABLE_DEBUG_INFO = INCLUDE_SOURCE;
				MTL_FAST_MATH = YES;
				ONLY_ACTIVE_ARCH = YES;
				SWIFT_ACTIVE_COMPILATION_CONDITIONS = DEBUG;
				SWIFT_OBJC_BRIDGING_HEADER = "MagicSparkleDonkey Shared/BridgingHeader.h";
				SWIFT_OPTIMIZATION_LEVEL = "-Onone";
			};
			name = Debug;
		};
		49FA475C261D8022003C3F8E /* Release */ = {
			isa = XCBuildConfiguration;
			buildSettings = {
				ALWAYS_SEARCH_USER_PATHS = NO;
				CLANG_ANALYZER_NONNULL = YES;
				CLANG_ANALYZER_NUMBER_OBJECT_CONVERSION = YES_AGGRESSIVE;
				CLANG_CXX_LANGUAGE_STANDARD = "gnu++14";
				CLANG_CXX_LIBRARY = "libc++";
				CLANG_ENABLE_MODULES = YES;
				CLANG_ENABLE_OBJC_ARC = YES;
				CLANG_ENABLE_OBJC_WEAK = YES;
				CLANG_WARN_BLOCK_CAPTURE_AUTORELEASING = YES;
				CLANG_WARN_BOOL_CONVERSION = YES;
				CLANG_WARN_COMMA = YES;
				CLANG_WARN_CONSTANT_CONVERSION = YES;
				CLANG_WARN_DEPRECATED_OBJC_IMPLEMENTATIONS = YES;
				CLANG_WARN_DIRECT_OBJC_ISA_USAGE = YES_ERROR;
				CLANG_WARN_DOCUMENTATION_COMMENTS = YES;
				CLANG_WARN_EMPTY_BODY = YES;
				CLANG_WARN_ENUM_CONVERSION = YES;
				CLANG_WARN_INFINITE_RECURSION = YES;
				CLANG_WARN_INT_CONVERSION = YES;
				CLANG_WARN_NON_LITERAL_NULL_CONVERSION = YES;
				CLANG_WARN_OBJC_IMPLICIT_RETAIN_SELF = YES;
				CLANG_WARN_OBJC_LITERAL_CONVERSION = YES;
				CLANG_WARN_OBJC_ROOT_CLASS = YES_ERROR;
				CLANG_WARN_QUOTED_INCLUDE_IN_FRAMEWORK_HEADER = YES;
				CLANG_WARN_RANGE_LOOP_ANALYSIS = YES;
				CLANG_WARN_STRICT_PROTOTYPES = YES;
				CLANG_WARN_SUSPICIOUS_MOVE = YES;
				CLANG_WARN_UNGUARDED_AVAILABILITY = YES_AGGRESSIVE;
				CLANG_WARN_UNREACHABLE_CODE = YES;
				CLANG_WARN__DUPLICATE_METHOD_MATCH = YES;
				COPY_PHASE_STRIP = NO;
				DEBUG_INFORMATION_FORMAT = "dwarf-with-dsym";
				ENABLE_NS_ASSERTIONS = NO;
				ENABLE_STRICT_OBJC_MSGSEND = YES;
				GCC_C_LANGUAGE_STANDARD = gnu11;
				GCC_NO_COMMON_BLOCKS = YES;
				GCC_WARN_64_TO_32_BIT_CONVERSION = YES;
				GCC_WARN_ABOUT_RETURN_TYPE = YES_ERROR;
				GCC_WARN_UNDECLARED_SELECTOR = YES;
				GCC_WARN_UNINITIALIZED_AUTOS = YES_AGGRESSIVE;
				GCC_WARN_UNUSED_FUNCTION = YES;
				GCC_WARN_UNUSED_VARIABLE = YES;
				MTL_ENABLE_DEBUG_INFO = NO;
				MTL_FAST_MATH = YES;
				SWIFT_COMPILATION_MODE = wholemodule;
				SWIFT_OBJC_BRIDGING_HEADER = "MagicSparkleDonkey Shared/BridgingHeader.h";
				SWIFT_OPTIMIZATION_LEVEL = "-O";
			};
			name = Release;
		};
		49FA475E261D8022003C3F8E /* Debug */ = {
			isa = XCBuildConfiguration;
			buildSettings = {
				ASSETCATALOG_COMPILER_APPICON_NAME = AppIcon;
				ASSETCATALOG_COMPILER_GLOBAL_ACCENT_COLOR_NAME = AccentColor;
				CODE_SIGN_STYLE = Automatic;
				DEVELOPMENT_TEAM = DDE4G723AJ;
				INFOPLIST_FILE = "MagicSparkleDonkey iOS/Info.plist";
				IPHONEOS_DEPLOYMENT_TARGET = 14.5;
				LD_RUNPATH_SEARCH_PATHS = (
					"$(inherited)",
					"@executable_path/Frameworks",
				);
				PRODUCT_BUNDLE_IDENTIFIER = com.darknoon.MagicSparkleDonkey;
				PRODUCT_NAME = MagicSparkleDonkey;
				SDKROOT = iphoneos;
				SWIFT_VERSION = 5.0;
				TARGETED_DEVICE_FAMILY = "1,2";
			};
			name = Debug;
		};
		49FA475F261D8022003C3F8E /* Release */ = {
			isa = XCBuildConfiguration;
			buildSettings = {
				ASSETCATALOG_COMPILER_APPICON_NAME = AppIcon;
				ASSETCATALOG_COMPILER_GLOBAL_ACCENT_COLOR_NAME = AccentColor;
				CODE_SIGN_STYLE = Automatic;
				DEVELOPMENT_TEAM = DDE4G723AJ;
				INFOPLIST_FILE = "MagicSparkleDonkey iOS/Info.plist";
				IPHONEOS_DEPLOYMENT_TARGET = 14.5;
				LD_RUNPATH_SEARCH_PATHS = (
					"$(inherited)",
					"@executable_path/Frameworks",
				);
				PRODUCT_BUNDLE_IDENTIFIER = com.darknoon.MagicSparkleDonkey;
				PRODUCT_NAME = MagicSparkleDonkey;
				SDKROOT = iphoneos;
				SWIFT_VERSION = 5.0;
				TARGETED_DEVICE_FAMILY = "1,2";
				VALIDATE_PRODUCT = YES;
			};
			name = Release;
		};
		49FA4761261D8022003C3F8E /* Debug */ = {
			isa = XCBuildConfiguration;
			buildSettings = {
				ASSETCATALOG_COMPILER_APPICON_NAME = "tvOS App Icon & Top Shelf Image";
				ASSETCATALOG_COMPILER_GLOBAL_ACCENT_COLOR_NAME = AccentColor;
				CODE_SIGN_STYLE = Automatic;
				DEVELOPMENT_TEAM = DDE4G723AJ;
				INFOPLIST_FILE = "MagicSparkleDonkey tvOS/Info.plist";
				LD_RUNPATH_SEARCH_PATHS = (
					"$(inherited)",
					"@executable_path/Frameworks",
				);
				PRODUCT_BUNDLE_IDENTIFIER = com.darknoon.MagicSparkleDonkey;
				PRODUCT_NAME = MagicSparkleDonkey;
				SDKROOT = appletvos;
				SWIFT_VERSION = 5.0;
				TARGETED_DEVICE_FAMILY = 3;
				TVOS_DEPLOYMENT_TARGET = 14.5;
			};
			name = Debug;
		};
		49FA4762261D8022003C3F8E /* Release */ = {
			isa = XCBuildConfiguration;
			buildSettings = {
				ASSETCATALOG_COMPILER_APPICON_NAME = "tvOS App Icon & Top Shelf Image";
				ASSETCATALOG_COMPILER_GLOBAL_ACCENT_COLOR_NAME = AccentColor;
				CODE_SIGN_STYLE = Automatic;
				DEVELOPMENT_TEAM = DDE4G723AJ;
				INFOPLIST_FILE = "MagicSparkleDonkey tvOS/Info.plist";
				LD_RUNPATH_SEARCH_PATHS = (
					"$(inherited)",
					"@executable_path/Frameworks",
				);
				PRODUCT_BUNDLE_IDENTIFIER = com.darknoon.MagicSparkleDonkey;
				PRODUCT_NAME = MagicSparkleDonkey;
				SDKROOT = appletvos;
				SWIFT_VERSION = 5.0;
				TARGETED_DEVICE_FAMILY = 3;
				TVOS_DEPLOYMENT_TARGET = 14.5;
				VALIDATE_PRODUCT = YES;
			};
			name = Release;
		};
		49FA4764261D8022003C3F8E /* Debug */ = {
			isa = XCBuildConfiguration;
			buildSettings = {
				ASSETCATALOG_COMPILER_APPICON_NAME = AppIcon;
				ASSETCATALOG_COMPILER_GLOBAL_ACCENT_COLOR_NAME = AccentColor;
				CODE_SIGN_ENTITLEMENTS = "MagicSparkleDonkey macOS/MagicSparkleDonkey_macOS.entitlements";
				CODE_SIGN_STYLE = Automatic;
				COMBINE_HIDPI_IMAGES = YES;
				DEVELOPMENT_TEAM = DDE4G723AJ;
				ENABLE_HARDENED_RUNTIME = YES;
				INFOPLIST_FILE = "MagicSparkleDonkey macOS/Info.plist";
				LD_RUNPATH_SEARCH_PATHS = (
					"$(inherited)",
					"@executable_path/../Frameworks",
				);
				MACOSX_DEPLOYMENT_TARGET = 11.2;
				PRODUCT_BUNDLE_IDENTIFIER = com.darknoon.MagicSparkleDonkey;
				PRODUCT_NAME = MagicSparkleDonkey;
				SDKROOT = macosx;
				SWIFT_VERSION = 5.0;
			};
			name = Debug;
		};
		49FA4765261D8022003C3F8E /* Release */ = {
			isa = XCBuildConfiguration;
			buildSettings = {
				ASSETCATALOG_COMPILER_APPICON_NAME = AppIcon;
				ASSETCATALOG_COMPILER_GLOBAL_ACCENT_COLOR_NAME = AccentColor;
				CODE_SIGN_ENTITLEMENTS = "MagicSparkleDonkey macOS/MagicSparkleDonkey_macOS.entitlements";
				CODE_SIGN_STYLE = Automatic;
				COMBINE_HIDPI_IMAGES = YES;
				DEVELOPMENT_TEAM = DDE4G723AJ;
				ENABLE_HARDENED_RUNTIME = YES;
				INFOPLIST_FILE = "MagicSparkleDonkey macOS/Info.plist";
				LD_RUNPATH_SEARCH_PATHS = (
					"$(inherited)",
					"@executable_path/../Frameworks",
				);
				MACOSX_DEPLOYMENT_TARGET = 11.2;
				PRODUCT_BUNDLE_IDENTIFIER = com.darknoon.MagicSparkleDonkey;
				PRODUCT_NAME = MagicSparkleDonkey;
				SDKROOT = macosx;
				SWIFT_VERSION = 5.0;
			};
			name = Release;
		};
/* End XCBuildConfiguration section */

/* Begin XCConfigurationList section */
		49FA4717261D8020003C3F8E /* Build configuration list for PBXProject "MagicSparkleDonkey" */ = {
			isa = XCConfigurationList;
			buildConfigurations = (
				49FA475B261D8022003C3F8E /* Debug */,
				49FA475C261D8022003C3F8E /* Release */,
			);
			defaultConfigurationIsVisible = 0;
			defaultConfigurationName = Release;
		};
		49FA475D261D8022003C3F8E /* Build configuration list for PBXNativeTarget "MagicSparkleDonkey iOS" */ = {
			isa = XCConfigurationList;
			buildConfigurations = (
				49FA475E261D8022003C3F8E /* Debug */,
				49FA475F261D8022003C3F8E /* Release */,
			);
			defaultConfigurationIsVisible = 0;
			defaultConfigurationName = Release;
		};
		49FA4760261D8022003C3F8E /* Build configuration list for PBXNativeTarget "MagicSparkleDonkey tvOS" */ = {
			isa = XCConfigurationList;
			buildConfigurations = (
				49FA4761261D8022003C3F8E /* Debug */,
				49FA4762261D8022003C3F8E /* Release */,
			);
			defaultConfigurationIsVisible = 0;
			defaultConfigurationName = Release;
		};
		49FA4763261D8022003C3F8E /* Build configuration list for PBXNativeTarget "MagicSparkleDonkey macOS" */ = {
			isa = XCConfigurationList;
			buildConfigurations = (
				49FA4764261D8022003C3F8E /* Debug */,
				49FA4765261D8022003C3F8E /* Release */,
			);
			defaultConfigurationIsVisible = 0;
			defaultConfigurationName = Release;
		};
/* End XCConfigurationList section */
	};
	rootObject = 49FA4714261D8020003C3F8E /* Project object */;
}
